// !$*UTF8*$!
{
	archiveVersion = 1;
	classes = {
	};
	objectVersion = 56;
	objects = {

/* Begin PBXBuildFile section */
		F617052E2A4174AD00812FBB /* BonusCollectionViewCell.swift in Sources */ = {isa = PBXBuildFile; fileRef = F617052D2A4174AD00812FBB /* BonusCollectionViewCell.swift */; };
		F61705322A41D7FE00812FBB /* ProfileEditViewController.swift in Sources */ = {isa = PBXBuildFile; fileRef = F61705312A41D7FD00812FBB /* ProfileEditViewController.swift */; };
		F61705342A42B0EE00812FBB /* UIView+TableViewCell.swift in Sources */ = {isa = PBXBuildFile; fileRef = F61705332A42B0EE00812FBB /* UIView+TableViewCell.swift */; };
		F61705362A42C45F00812FBB /* ProfileOrdersCollectionViewCell.swift in Sources */ = {isa = PBXBuildFile; fileRef = F61705352A42C45F00812FBB /* ProfileOrdersCollectionViewCell.swift */; };
		F61705382A42C7B300812FBB /* Header.swift in Sources */ = {isa = PBXBuildFile; fileRef = F61705372A42C7B300812FBB /* Header.swift */; };
		F61E9D2F2A6A1828009CE510 /* AccessTokenResponse.swift in Sources */ = {isa = PBXBuildFile; fileRef = F61E9D2E2A6A1828009CE510 /* AccessTokenResponse.swift */; };
		F61E9D322A6AE23A009CE510 /* Kingfisher in Frameworks */ = {isa = PBXBuildFile; productRef = F61E9D312A6AE23A009CE510 /* Kingfisher */; };
		F61E9D342A6B47F9009CE510 /* DateFormatter.swift in Sources */ = {isa = PBXBuildFile; fileRef = F61E9D332A6B47F9009CE510 /* DateFormatter.swift */; };
		F62A11392A780EB3009860FC /* NewApiService.swift in Sources */ = {isa = PBXBuildFile; fileRef = F62A11382A780EB3009860FC /* NewApiService.swift */; };
		F62A113C2A78108A009860FC /* Moya in Frameworks */ = {isa = PBXBuildFile; productRef = F62A113B2A78108A009860FC /* Moya */; };
		F62A113E2A78108A009860FC /* ReactiveMoya in Frameworks */ = {isa = PBXBuildFile; productRef = F62A113D2A78108A009860FC /* ReactiveMoya */; };
		F62A11402A78108A009860FC /* RxMoya in Frameworks */ = {isa = PBXBuildFile; productRef = F62A113F2A78108A009860FC /* RxMoya */; };
		F62A11442A7810EE009860FC /* PaginationRequest.swift in Sources */ = {isa = PBXBuildFile; fileRef = F62A11432A7810EE009860FC /* PaginationRequest.swift */; };
		F62A114A2A781146009860FC /* CategoryListResponse.swift in Sources */ = {isa = PBXBuildFile; fileRef = F62A11492A781146009860FC /* CategoryListResponse.swift */; };
		F62A114C2A781162009860FC /* CategoryApiSubService.swift in Sources */ = {isa = PBXBuildFile; fileRef = F62A114B2A781162009860FC /* CategoryApiSubService.swift */; };
		F62A114F2A7811DE009860FC /* CustomType.swift in Sources */ = {isa = PBXBuildFile; fileRef = F62A114E2A7811DE009860FC /* CustomType.swift */; };
		F62A11552A781585009860FC /* DishesListResponse.swift in Sources */ = {isa = PBXBuildFile; fileRef = F62A11542A781585009860FC /* DishesListResponse.swift */; };
		F62A11572A7815AF009860FC /* DishesApiSubService.swift in Sources */ = {isa = PBXBuildFile; fileRef = F62A11562A7815AF009860FC /* DishesApiSubService.swift */; };
		F62A115B2A781C01009860FC /* MenuAssembly.swift in Sources */ = {isa = PBXBuildFile; fileRef = F62A115A2A781C01009860FC /* MenuAssembly.swift */; };
		F62A115E2A781C8B009860FC /* MenuRouter.swift in Sources */ = {isa = PBXBuildFile; fileRef = F62A115D2A781C8B009860FC /* MenuRouter.swift */; };
		F62A11612A781CEB009860FC /* MenuViewModel.swift in Sources */ = {isa = PBXBuildFile; fileRef = F62A11602A781CEB009860FC /* MenuViewModel.swift */; };
		F62A11672A781D42009860FC /* MenuCategoryCollectionViewCell.swift in Sources */ = {isa = PBXBuildFile; fileRef = F62A11662A781D42009860FC /* MenuCategoryCollectionViewCell.swift */; };
		F62A11692A781D5C009860FC /* MenuDishesCollectionViewCell.swift in Sources */ = {isa = PBXBuildFile; fileRef = F62A11682A781D5C009860FC /* MenuDishesCollectionViewCell.swift */; };
		F62A116B2A781D84009860FC /* MenuView.swift in Sources */ = {isa = PBXBuildFile; fileRef = F62A116A2A781D84009860FC /* MenuView.swift */; };
		F62A116D2A781DA6009860FC /* MenuViewController.swift in Sources */ = {isa = PBXBuildFile; fileRef = F62A116C2A781DA6009860FC /* MenuViewController.swift */; };
		F62A11702A781E10009860FC /* SwiftBoost in Frameworks */ = {isa = PBXBuildFile; productRef = F62A116F2A781E10009860FC /* SwiftBoost */; };
		F64A023C2A3335F600D03959 /* IQKeyboardManagerSwift in Frameworks */ = {isa = PBXBuildFile; productRef = F64A023B2A3335F600D03959 /* IQKeyboardManagerSwift */; };
		F64DC60F2A5AC451005D67A9 /* CategoryMenuTableViewCell.swift in Sources */ = {isa = PBXBuildFile; fileRef = F64DC60E2A5AC451005D67A9 /* CategoryMenuTableViewCell.swift */; };
		F653C4AE2A64F268009CEC76 /* BaseRouter.swift in Sources */ = {isa = PBXBuildFile; fileRef = F653C4AD2A64F268009CEC76 /* BaseRouter.swift */; };
		F653C4B02A64F2CF009CEC76 /* HttpMethods.swift in Sources */ = {isa = PBXBuildFile; fileRef = F653C4AF2A64F2CF009CEC76 /* HttpMethods.swift */; };
		F653C4B22A64F328009CEC76 /* HttpHeader.swift in Sources */ = {isa = PBXBuildFile; fileRef = F653C4B12A64F328009CEC76 /* HttpHeader.swift */; };
		F653C4B52A64F3A7009CEC76 /* NetworkErrors.swift in Sources */ = {isa = PBXBuildFile; fileRef = F653C4B42A64F3A7009CEC76 /* NetworkErrors.swift */; };
		F653C4B72A64F5A7009CEC76 /* ProResult.swift in Sources */ = {isa = PBXBuildFile; fileRef = F653C4B62A64F5A7009CEC76 /* ProResult.swift */; };
		F653C4B92A64F843009CEC76 /* StatusCode.swift in Sources */ = {isa = PBXBuildFile; fileRef = F653C4B82A64F843009CEC76 /* StatusCode.swift */; };
		F653C4BF2A6501DD009CEC76 /* Alamofire in Frameworks */ = {isa = PBXBuildFile; productRef = F653C4BE2A6501DD009CEC76 /* Alamofire */; };
		F653C4C12A6501F3009CEC76 /* NetworkManager.swift in Sources */ = {isa = PBXBuildFile; fileRef = F653C4C02A6501F3009CEC76 /* NetworkManager.swift */; };
		F653C4C52A6542A0009CEC76 /* ApiService.swift in Sources */ = {isa = PBXBuildFile; fileRef = F653C4C42A6542A0009CEC76 /* ApiService.swift */; };
		F653C4C72A65469E009CEC76 /* SingUpViewModel.swift in Sources */ = {isa = PBXBuildFile; fileRef = F653C4C62A65469E009CEC76 /* SingUpViewModel.swift */; };
		F653C4CD2A654B7F009CEC76 /* RegistrationDTO.swift in Sources */ = {isa = PBXBuildFile; fileRef = F653C4CC2A654B7F009CEC76 /* RegistrationDTO.swift */; };
		F653C4D12A65613B009CEC76 /* Server+Extension.swift in Sources */ = {isa = PBXBuildFile; fileRef = F653C4D02A65613B009CEC76 /* Server+Extension.swift */; };
		F653C4D52A65735A009CEC76 /* RegisterVerificationViewModel.swift in Sources */ = {isa = PBXBuildFile; fileRef = F653C4D42A65735A009CEC76 /* RegisterVerificationViewModel.swift */; };
		F653C4D72A65917D009CEC76 /* AuthorizationDTO.swift in Sources */ = {isa = PBXBuildFile; fileRef = F653C4D62A65917D009CEC76 /* AuthorizationDTO.swift */; };
		F653C4D92A6591C0009CEC76 /* AuthViewModel.swift in Sources */ = {isa = PBXBuildFile; fileRef = F653C4D82A6591C0009CEC76 /* AuthViewModel.swift */; };
		F653C4DB2A66D5DA009CEC76 /* AuthVerificationViewModel.swift in Sources */ = {isa = PBXBuildFile; fileRef = F653C4DA2A66D5DA009CEC76 /* AuthVerificationViewModel.swift */; };
		F653C4DD2A66FD0C009CEC76 /* RefreshTokenDTO.swift in Sources */ = {isa = PBXBuildFile; fileRef = F653C4DC2A66FD0C009CEC76 /* RefreshTokenDTO.swift */; };
		F653C4E02A66FE9A009CEC76 /* UserDefaultsDataStoreProtocol.swift in Sources */ = {isa = PBXBuildFile; fileRef = F653C4DF2A66FE9A009CEC76 /* UserDefaultsDataStoreProtocol.swift */; };
		F653C4E22A66FEAE009CEC76 /* DataStoreUserDefaults.swift in Sources */ = {isa = PBXBuildFile; fileRef = F653C4E12A66FEAE009CEC76 /* DataStoreUserDefaults.swift */; };
		F653C4E42A66FED1009CEC76 /* DSGenerator.swift in Sources */ = {isa = PBXBuildFile; fileRef = F653C4E32A66FED1009CEC76 /* DSGenerator.swift */; };
		F653C4E82A6942A8009CEC76 /* BranchDTO.swift in Sources */ = {isa = PBXBuildFile; fileRef = F653C4E72A6942A8009CEC76 /* BranchDTO.swift */; };
		F653C4EA2A69491D009CEC76 /* LocationsViewModel.swift in Sources */ = {isa = PBXBuildFile; fileRef = F653C4E92A69491D009CEC76 /* LocationsViewModel.swift */; };
		F65937AD2A31E9E40073C4DF /* TabBar.swift in Sources */ = {isa = PBXBuildFile; fileRef = F65937AC2A31E9E40073C4DF /* TabBar.swift */; };
		F65937B12A31F0CD0073C4DF /* MainViewController.swift in Sources */ = {isa = PBXBuildFile; fileRef = F65937B02A31F0CD0073C4DF /* MainViewController.swift */; };
		F65937B42A31F13B0073C4DF /* BasketViewController.swift in Sources */ = {isa = PBXBuildFile; fileRef = F65937B32A31F13B0073C4DF /* BasketViewController.swift */; };
		F65937B72A31F1720073C4DF /* QRCodeViewController.swift in Sources */ = {isa = PBXBuildFile; fileRef = F65937B62A31F1720073C4DF /* QRCodeViewController.swift */; };
		F65937BA2A31F1980073C4DF /* ProfileViewController.swift in Sources */ = {isa = PBXBuildFile; fileRef = F65937B92A31F1980073C4DF /* ProfileViewController.swift */; };
		F65937BD2A31F2070073C4DF /* LocationsViewController.swift in Sources */ = {isa = PBXBuildFile; fileRef = F65937BC2A31F2070073C4DF /* LocationsViewController.swift */; };
		F66131522A4BE5EE0075E982 /* ElementsView.swift in Sources */ = {isa = PBXBuildFile; fileRef = F66131512A4BE5EE0075E982 /* ElementsView.swift */; };
		F66131542A4BF7590075E982 /* AddToCartVC.swift in Sources */ = {isa = PBXBuildFile; fileRef = F66131532A4BF7590075E982 /* AddToCartVC.swift */; };
		F66131562A4C57C10075E982 /* RoundStepperView.swift in Sources */ = {isa = PBXBuildFile; fileRef = F66131552A4C57C10075E982 /* RoundStepperView.swift */; };
		F66131582A4C67E70075E982 /* AddToCartTableViewCell.swift in Sources */ = {isa = PBXBuildFile; fileRef = F66131572A4C67E70075E982 /* AddToCartTableViewCell.swift */; };
		F6734E362A4E15C300934F74 /* OpenOrderVC.swift in Sources */ = {isa = PBXBuildFile; fileRef = F6734E352A4E15C300934F74 /* OpenOrderVC.swift */; };
		F6734E382A4E7F7200934F74 /* OpenOrderTableViewCell.swift in Sources */ = {isa = PBXBuildFile; fileRef = F6734E372A4E7F7200934F74 /* OpenOrderTableViewCell.swift */; };
		F6734E3A2A506A7500934F74 /* CompletedOrderVC.swift in Sources */ = {isa = PBXBuildFile; fileRef = F6734E392A506A7400934F74 /* CompletedOrderVC.swift */; };
		F6734E3C2A506B4C00934F74 /* CompletedOrderTableViewCell.swift in Sources */ = {isa = PBXBuildFile; fileRef = F6734E3B2A506B4C00934F74 /* CompletedOrderTableViewCell.swift */; };
		F68F3F6C2A2B4715006E5C33 /* AppDelegate.swift in Sources */ = {isa = PBXBuildFile; fileRef = F68F3F6B2A2B4715006E5C33 /* AppDelegate.swift */; };
		F68F3F702A2B4715006E5C33 /* ViewController.swift in Sources */ = {isa = PBXBuildFile; fileRef = F68F3F6F2A2B4715006E5C33 /* ViewController.swift */; };
		F68F3F752A2B4716006E5C33 /* Assets.xcassets in Resources */ = {isa = PBXBuildFile; fileRef = F68F3F742A2B4716006E5C33 /* Assets.xcassets */; };
		F68F3F782A2B4716006E5C33 /* LaunchScreen.storyboard in Resources */ = {isa = PBXBuildFile; fileRef = F68F3F762A2B4716006E5C33 /* LaunchScreen.storyboard */; };
		F68F3F822A2B4B20006E5C33 /* LaunchScreenViewController.swift in Sources */ = {isa = PBXBuildFile; fileRef = F68F3F812A2B4B20006E5C33 /* LaunchScreenViewController.swift */; };
		F68F3F852A2B4DF2006E5C33 /* StartViewController .swift in Sources */ = {isa = PBXBuildFile; fileRef = F68F3F842A2B4DF2006E5C33 /* StartViewController .swift */; };
		F68F3F882A2B4F28006E5C33 /* SnapKit in Frameworks */ = {isa = PBXBuildFile; productRef = F68F3F872A2B4F28006E5C33 /* SnapKit */; };
		F68F3F8F2A2B5BE7006E5C33 /* BaseVC.swift in Sources */ = {isa = PBXBuildFile; fileRef = F68F3F8E2A2B5BE7006E5C33 /* BaseVC.swift */; };
		F68F3F912A2C3907006E5C33 /* BasicMainLabel.swift in Sources */ = {isa = PBXBuildFile; fileRef = F68F3F902A2C3907006E5C33 /* BasicMainLabel.swift */; };
		F68F3F942A2C3C24006E5C33 /* NSObject.swift in Sources */ = {isa = PBXBuildFile; fileRef = F68F3F932A2C3C24006E5C33 /* NSObject.swift */; };
		F68F3F972A2C4B43006E5C33 /* TextField.swift in Sources */ = {isa = PBXBuildFile; fileRef = F68F3F962A2C4B43006E5C33 /* TextField.swift */; };
		F68F3F992A2D06B4006E5C33 /* BasicButton.swift in Sources */ = {isa = PBXBuildFile; fileRef = F68F3F982A2D06B4006E5C33 /* BasicButton.swift */; };
		F68F3F9D2A2D0D57006E5C33 /* AuthViewController.swift in Sources */ = {isa = PBXBuildFile; fileRef = F68F3F9C2A2D0D57006E5C33 /* AuthViewController.swift */; };
		F68F3FA02A2D0F3D006E5C33 /* PhoneRegistrationViewController.swift in Sources */ = {isa = PBXBuildFile; fileRef = F68F3F9F2A2D0F3D006E5C33 /* PhoneRegistrationViewController.swift */; };
		F68F3FA22A2D1B1A006E5C33 /* BasicTextField.swift in Sources */ = {isa = PBXBuildFile; fileRef = F68F3FA12A2D1B1A006E5C33 /* BasicTextField.swift */; };
		F68F3FA52A2D4873006E5C33 /* AuthVerificationController.swift in Sources */ = {isa = PBXBuildFile; fileRef = F68F3FA42A2D4873006E5C33 /* AuthVerificationController.swift */; };
		F68F3FA82A2DDFD5006E5C33 /* OneTimeCodeTextField.swift in Sources */ = {isa = PBXBuildFile; fileRef = F68F3FA72A2DDFD5006E5C33 /* OneTimeCodeTextField.swift */; };
		F68F3FAA2A2EEC62006E5C33 /* BaseLabel.swift in Sources */ = {isa = PBXBuildFile; fileRef = F68F3FA92A2EEC62006E5C33 /* BaseLabel.swift */; };
		F68F3FAD2A2EF6BD006E5C33 /* RegisterVerificationController.swift in Sources */ = {isa = PBXBuildFile; fileRef = F68F3FAC2A2EF6BD006E5C33 /* RegisterVerificationController.swift */; };
		F68F3FB32A2F13E5006E5C33 /* DateOfBirthViewController.swift in Sources */ = {isa = PBXBuildFile; fileRef = F68F3FB22A2F13E5006E5C33 /* DateOfBirthViewController.swift */; };
		F6A21D232A3880DA00DBDB66 /* FittedSheets in Frameworks */ = {isa = PBXBuildFile; productRef = F6A21D222A3880DA00DBDB66 /* FittedSheets */; };
		F6B0EC562A6EE239006F1564 /* UpdateRefreshToken.swift in Sources */ = {isa = PBXBuildFile; fileRef = F6B0EC552A6EE239006F1564 /* UpdateRefreshToken.swift */; };
		F6B0EC592A6EEC6E006F1564 /* SwiftDate in Frameworks */ = {isa = PBXBuildFile; productRef = F6B0EC582A6EEC6E006F1564 /* SwiftDate */; };
		F6B1B9F42A5F028500C20D2B /* DetailsDishVC.swift in Sources */ = {isa = PBXBuildFile; fileRef = F6B1B9F32A5F028500C20D2B /* DetailsDishVC.swift */; };
		F6B1B9F62A5F212C00C20D2B /* DishTableViewCell.swift in Sources */ = {isa = PBXBuildFile; fileRef = F6B1B9F52A5F212C00C20D2B /* DishTableViewCell.swift */; };
		F6B495B72A51ACB8007E37DA /* HistoryOfOrdersVC.swift in Sources */ = {isa = PBXBuildFile; fileRef = F6B495B62A51ACB8007E37DA /* HistoryOfOrdersVC.swift */; };
		F6B495B92A51C00B007E37DA /* HistoryOfOrdersTableViewCell.swift in Sources */ = {isa = PBXBuildFile; fileRef = F6B495B82A51C00B007E37DA /* HistoryOfOrdersTableViewCell.swift */; };
		F6B495C12A5704A5007E37DA /* HorizontalMenuCollectionView.swift in Sources */ = {isa = PBXBuildFile; fileRef = F6B495C02A5704A5007E37DA /* HorizontalMenuCollectionView.swift */; };
		F6B495C32A570D4A007E37DA /* HorizontalMenuCollectionViewCell.swift in Sources */ = {isa = PBXBuildFile; fileRef = F6B495C22A570D4A007E37DA /* HorizontalMenuCollectionViewCell.swift */; };
		F6B495C52A5713FE007E37DA /* CategoryMenuVC .swift in Sources */ = {isa = PBXBuildFile; fileRef = F6B495C42A5713FE007E37DA /* CategoryMenuVC .swift */; };
		F6BA9F7E2A741C1E0074463E /* DishesDTO.swift in Sources */ = {isa = PBXBuildFile; fileRef = F6BA9F7D2A741C1E0074463E /* DishesDTO.swift */; };
		F6BA9F812A74253F0074463E /* CategoryDishesViewModel.swift in Sources */ = {isa = PBXBuildFile; fileRef = F6BA9F802A74253F0074463E /* CategoryDishesViewModel.swift */; };
		F6BBD3262A34AC5B0007E8FA /* UIView+Extension.swift in Sources */ = {isa = PBXBuildFile; fileRef = F6BBD3252A34AC5B0007E8FA /* UIView+Extension.swift */; };
		F6BBD3292A34B5980007E8FA /* TestCell.swift in Sources */ = {isa = PBXBuildFile; fileRef = F6BBD3282A34B5980007E8FA /* TestCell.swift */; };
		F6BBD32B2A34BC7A0007E8FA /* TestHeaderView.swift in Sources */ = {isa = PBXBuildFile; fileRef = F6BBD32A2A34BC7A0007E8FA /* TestHeaderView.swift */; };
		F6C9B66B2A7FA1BC00E8B710 /* ChangePasswordViewModel.swift in Sources */ = {isa = PBXBuildFile; fileRef = F6C9B66A2A7FA1BC00E8B710 /* ChangePasswordViewModel.swift */; };
		F6C9B66D2A7FB5FF00E8B710 /* AppDelegate+Extension.swift in Sources */ = {isa = PBXBuildFile; fileRef = F6C9B66C2A7FB5FF00E8B710 /* AppDelegate+Extension.swift */; };
		F6C9B6702A81E95700E8B710 /* BasketApiSubServiceProtocol.swift in Sources */ = {isa = PBXBuildFile; fileRef = F6C9B66F2A81E95700E8B710 /* BasketApiSubServiceProtocol.swift */; };
		F6C9B6742A81E9F600E8B710 /* BasketHistoryResponse.swift in Sources */ = {isa = PBXBuildFile; fileRef = F6C9B6732A81E9F600E8B710 /* BasketHistoryResponse.swift */; };
		F6C9B6782A81EC7500E8B710 /* HistoryOfOrdersVM.swift in Sources */ = {isa = PBXBuildFile; fileRef = F6C9B6772A81EC7500E8B710 /* HistoryOfOrdersVM.swift */; };
		F6C9B67A2A82A1B700E8B710 /* BasketOrdersResponse.swift in Sources */ = {isa = PBXBuildFile; fileRef = F6C9B6792A82A1B700E8B710 /* BasketOrdersResponse.swift */; };
		F6C9B67E2A82A96600E8B710 /* OpenOrderVM.swift in Sources */ = {isa = PBXBuildFile; fileRef = F6C9B67D2A82A96600E8B710 /* OpenOrderVM.swift */; };
		F6C9B6802A84DC5B00E8B710 /* ProfileViewModel.swift in Sources */ = {isa = PBXBuildFile; fileRef = F6C9B67F2A84DC5B00E8B710 /* ProfileViewModel.swift */; };
		F6CF59ED2A3F09D000BAAE34 /* UIView+UICollectionViewCell.swift in Sources */ = {isa = PBXBuildFile; fileRef = F6CF59EC2A3F09D000BAAE34 /* UIView+UICollectionViewCell.swift */; };
		F6CF59F12A3F235800BAAE34 /* LocationsCell.swift in Sources */ = {isa = PBXBuildFile; fileRef = F6CF59F02A3F235800BAAE34 /* LocationsCell.swift */; };
		F6E149952A497B8A00501BFE /* String+Extension.swift in Sources */ = {isa = PBXBuildFile; fileRef = F6E149942A497B8A00501BFE /* String+Extension.swift */; };
		F6E32DAC2A7AC1A30094FF53 /* QRCodesResponse.swift in Sources */ = {isa = PBXBuildFile; fileRef = F6E32DAB2A7AC1A30094FF53 /* QRCodesResponse.swift */; };
		F6E32DAE2A7AC2520094FF53 /* QRCodesApiSubServiceProtocol.swift in Sources */ = {isa = PBXBuildFile; fileRef = F6E32DAD2A7AC2520094FF53 /* QRCodesApiSubServiceProtocol.swift */; };
		F6E378BF2A5AEDB80095E0D1 /* NotifacationVC.swift in Sources */ = {isa = PBXBuildFile; fileRef = F6E378BE2A5AEDB80095E0D1 /* NotifacationVC.swift */; };
		F6E378C22A5AFE8A0095E0D1 /* NotifacationTableViewCell.swift in Sources */ = {isa = PBXBuildFile; fileRef = F6E378C12A5AFE8A0095E0D1 /* NotifacationTableViewCell.swift */; };
/* End PBXBuildFile section */

/* Begin PBXFileReference section */
		F617052D2A4174AD00812FBB /* BonusCollectionViewCell.swift */ = {isa = PBXFileReference; lastKnownFileType = sourcecode.swift; path = BonusCollectionViewCell.swift; sourceTree = "<group>"; };
		F61705312A41D7FD00812FBB /* ProfileEditViewController.swift */ = {isa = PBXFileReference; lastKnownFileType = sourcecode.swift; path = ProfileEditViewController.swift; sourceTree = "<group>"; };
		F61705332A42B0EE00812FBB /* UIView+TableViewCell.swift */ = {isa = PBXFileReference; lastKnownFileType = sourcecode.swift; path = "UIView+TableViewCell.swift"; sourceTree = "<group>"; };
		F61705352A42C45F00812FBB /* ProfileOrdersCollectionViewCell.swift */ = {isa = PBXFileReference; lastKnownFileType = sourcecode.swift; path = ProfileOrdersCollectionViewCell.swift; sourceTree = "<group>"; };
		F61705372A42C7B300812FBB /* Header.swift */ = {isa = PBXFileReference; lastKnownFileType = sourcecode.swift; path = Header.swift; sourceTree = "<group>"; };
		F61E9D2E2A6A1828009CE510 /* AccessTokenResponse.swift */ = {isa = PBXFileReference; lastKnownFileType = sourcecode.swift; path = AccessTokenResponse.swift; sourceTree = "<group>"; };
		F61E9D332A6B47F9009CE510 /* DateFormatter.swift */ = {isa = PBXFileReference; lastKnownFileType = sourcecode.swift; path = DateFormatter.swift; sourceTree = "<group>"; };
		F62A11382A780EB3009860FC /* NewApiService.swift */ = {isa = PBXFileReference; lastKnownFileType = sourcecode.swift; path = NewApiService.swift; sourceTree = "<group>"; };
		F62A11432A7810EE009860FC /* PaginationRequest.swift */ = {isa = PBXFileReference; lastKnownFileType = sourcecode.swift; path = PaginationRequest.swift; sourceTree = "<group>"; };
		F62A11492A781146009860FC /* CategoryListResponse.swift */ = {isa = PBXFileReference; lastKnownFileType = sourcecode.swift; path = CategoryListResponse.swift; sourceTree = "<group>"; };
		F62A114B2A781162009860FC /* CategoryApiSubService.swift */ = {isa = PBXFileReference; lastKnownFileType = sourcecode.swift; path = CategoryApiSubService.swift; sourceTree = "<group>"; };
		F62A114E2A7811DE009860FC /* CustomType.swift */ = {isa = PBXFileReference; lastKnownFileType = sourcecode.swift; path = CustomType.swift; sourceTree = "<group>"; };
		F62A11542A781585009860FC /* DishesListResponse.swift */ = {isa = PBXFileReference; lastKnownFileType = sourcecode.swift; path = DishesListResponse.swift; sourceTree = "<group>"; };
		F62A11562A7815AF009860FC /* DishesApiSubService.swift */ = {isa = PBXFileReference; lastKnownFileType = sourcecode.swift; path = DishesApiSubService.swift; sourceTree = "<group>"; };
		F62A115A2A781C01009860FC /* MenuAssembly.swift */ = {isa = PBXFileReference; lastKnownFileType = sourcecode.swift; path = MenuAssembly.swift; sourceTree = "<group>"; };
		F62A115D2A781C8B009860FC /* MenuRouter.swift */ = {isa = PBXFileReference; lastKnownFileType = sourcecode.swift; path = MenuRouter.swift; sourceTree = "<group>"; };
		F62A11602A781CEB009860FC /* MenuViewModel.swift */ = {isa = PBXFileReference; lastKnownFileType = sourcecode.swift; path = MenuViewModel.swift; sourceTree = "<group>"; };
		F62A11662A781D42009860FC /* MenuCategoryCollectionViewCell.swift */ = {isa = PBXFileReference; lastKnownFileType = sourcecode.swift; path = MenuCategoryCollectionViewCell.swift; sourceTree = "<group>"; };
		F62A11682A781D5C009860FC /* MenuDishesCollectionViewCell.swift */ = {isa = PBXFileReference; lastKnownFileType = sourcecode.swift; path = MenuDishesCollectionViewCell.swift; sourceTree = "<group>"; };
		F62A116A2A781D84009860FC /* MenuView.swift */ = {isa = PBXFileReference; lastKnownFileType = sourcecode.swift; path = MenuView.swift; sourceTree = "<group>"; };
		F62A116C2A781DA6009860FC /* MenuViewController.swift */ = {isa = PBXFileReference; lastKnownFileType = sourcecode.swift; path = MenuViewController.swift; sourceTree = "<group>"; };
		F64DC60E2A5AC451005D67A9 /* CategoryMenuTableViewCell.swift */ = {isa = PBXFileReference; lastKnownFileType = sourcecode.swift; path = CategoryMenuTableViewCell.swift; sourceTree = "<group>"; };
		F653C4AD2A64F268009CEC76 /* BaseRouter.swift */ = {isa = PBXFileReference; lastKnownFileType = sourcecode.swift; path = BaseRouter.swift; sourceTree = "<group>"; };
		F653C4AF2A64F2CF009CEC76 /* HttpMethods.swift */ = {isa = PBXFileReference; lastKnownFileType = sourcecode.swift; path = HttpMethods.swift; sourceTree = "<group>"; };
		F653C4B12A64F328009CEC76 /* HttpHeader.swift */ = {isa = PBXFileReference; lastKnownFileType = sourcecode.swift; path = HttpHeader.swift; sourceTree = "<group>"; };
		F653C4B42A64F3A7009CEC76 /* NetworkErrors.swift */ = {isa = PBXFileReference; lastKnownFileType = sourcecode.swift; path = NetworkErrors.swift; sourceTree = "<group>"; };
		F653C4B62A64F5A7009CEC76 /* ProResult.swift */ = {isa = PBXFileReference; lastKnownFileType = sourcecode.swift; path = ProResult.swift; sourceTree = "<group>"; };
		F653C4B82A64F843009CEC76 /* StatusCode.swift */ = {isa = PBXFileReference; lastKnownFileType = sourcecode.swift; path = StatusCode.swift; sourceTree = "<group>"; };
		F653C4C02A6501F3009CEC76 /* NetworkManager.swift */ = {isa = PBXFileReference; lastKnownFileType = sourcecode.swift; path = NetworkManager.swift; sourceTree = "<group>"; };
		F653C4C42A6542A0009CEC76 /* ApiService.swift */ = {isa = PBXFileReference; lastKnownFileType = sourcecode.swift; path = ApiService.swift; sourceTree = "<group>"; };
		F653C4C62A65469E009CEC76 /* SingUpViewModel.swift */ = {isa = PBXFileReference; lastKnownFileType = sourcecode.swift; path = SingUpViewModel.swift; sourceTree = "<group>"; };
		F653C4CC2A654B7F009CEC76 /* RegistrationDTO.swift */ = {isa = PBXFileReference; lastKnownFileType = sourcecode.swift; path = RegistrationDTO.swift; sourceTree = "<group>"; };
		F653C4D02A65613B009CEC76 /* Server+Extension.swift */ = {isa = PBXFileReference; lastKnownFileType = sourcecode.swift; path = "Server+Extension.swift"; sourceTree = "<group>"; };
		F653C4D42A65735A009CEC76 /* RegisterVerificationViewModel.swift */ = {isa = PBXFileReference; lastKnownFileType = sourcecode.swift; path = RegisterVerificationViewModel.swift; sourceTree = "<group>"; };
		F653C4D62A65917D009CEC76 /* AuthorizationDTO.swift */ = {isa = PBXFileReference; lastKnownFileType = sourcecode.swift; path = AuthorizationDTO.swift; sourceTree = "<group>"; };
		F653C4D82A6591C0009CEC76 /* AuthViewModel.swift */ = {isa = PBXFileReference; lastKnownFileType = sourcecode.swift; path = AuthViewModel.swift; sourceTree = "<group>"; };
		F653C4DA2A66D5DA009CEC76 /* AuthVerificationViewModel.swift */ = {isa = PBXFileReference; lastKnownFileType = sourcecode.swift; path = AuthVerificationViewModel.swift; sourceTree = "<group>"; };
		F653C4DC2A66FD0C009CEC76 /* RefreshTokenDTO.swift */ = {isa = PBXFileReference; lastKnownFileType = sourcecode.swift; path = RefreshTokenDTO.swift; sourceTree = "<group>"; };
		F653C4DF2A66FE9A009CEC76 /* UserDefaultsDataStoreProtocol.swift */ = {isa = PBXFileReference; lastKnownFileType = sourcecode.swift; path = UserDefaultsDataStoreProtocol.swift; sourceTree = "<group>"; };
		F653C4E12A66FEAE009CEC76 /* DataStoreUserDefaults.swift */ = {isa = PBXFileReference; lastKnownFileType = sourcecode.swift; path = DataStoreUserDefaults.swift; sourceTree = "<group>"; };
		F653C4E32A66FED1009CEC76 /* DSGenerator.swift */ = {isa = PBXFileReference; lastKnownFileType = sourcecode.swift; path = DSGenerator.swift; sourceTree = "<group>"; };
		F653C4E72A6942A8009CEC76 /* BranchDTO.swift */ = {isa = PBXFileReference; lastKnownFileType = sourcecode.swift; path = BranchDTO.swift; sourceTree = "<group>"; };
		F653C4E92A69491D009CEC76 /* LocationsViewModel.swift */ = {isa = PBXFileReference; lastKnownFileType = sourcecode.swift; path = LocationsViewModel.swift; sourceTree = "<group>"; };
		F65937AC2A31E9E40073C4DF /* TabBar.swift */ = {isa = PBXFileReference; lastKnownFileType = sourcecode.swift; path = TabBar.swift; sourceTree = "<group>"; };
		F65937B02A31F0CD0073C4DF /* MainViewController.swift */ = {isa = PBXFileReference; lastKnownFileType = sourcecode.swift; path = MainViewController.swift; sourceTree = "<group>"; };
		F65937B32A31F13B0073C4DF /* BasketViewController.swift */ = {isa = PBXFileReference; lastKnownFileType = sourcecode.swift; path = BasketViewController.swift; sourceTree = "<group>"; };
		F65937B62A31F1720073C4DF /* QRCodeViewController.swift */ = {isa = PBXFileReference; lastKnownFileType = sourcecode.swift; path = QRCodeViewController.swift; sourceTree = "<group>"; };
		F65937B92A31F1980073C4DF /* ProfileViewController.swift */ = {isa = PBXFileReference; lastKnownFileType = sourcecode.swift; path = ProfileViewController.swift; sourceTree = "<group>"; };
		F65937BC2A31F2070073C4DF /* LocationsViewController.swift */ = {isa = PBXFileReference; lastKnownFileType = sourcecode.swift; path = LocationsViewController.swift; sourceTree = "<group>"; };
		F66131512A4BE5EE0075E982 /* ElementsView.swift */ = {isa = PBXFileReference; lastKnownFileType = sourcecode.swift; path = ElementsView.swift; sourceTree = "<group>"; };
		F66131532A4BF7590075E982 /* AddToCartVC.swift */ = {isa = PBXFileReference; lastKnownFileType = sourcecode.swift; path = AddToCartVC.swift; sourceTree = "<group>"; };
		F66131552A4C57C10075E982 /* RoundStepperView.swift */ = {isa = PBXFileReference; lastKnownFileType = sourcecode.swift; path = RoundStepperView.swift; sourceTree = "<group>"; };
		F66131572A4C67E70075E982 /* AddToCartTableViewCell.swift */ = {isa = PBXFileReference; lastKnownFileType = sourcecode.swift; path = AddToCartTableViewCell.swift; sourceTree = "<group>"; };
		F6734E352A4E15C300934F74 /* OpenOrderVC.swift */ = {isa = PBXFileReference; lastKnownFileType = sourcecode.swift; path = OpenOrderVC.swift; sourceTree = "<group>"; };
		F6734E372A4E7F7200934F74 /* OpenOrderTableViewCell.swift */ = {isa = PBXFileReference; lastKnownFileType = sourcecode.swift; path = OpenOrderTableViewCell.swift; sourceTree = "<group>"; };
		F6734E392A506A7400934F74 /* CompletedOrderVC.swift */ = {isa = PBXFileReference; lastKnownFileType = sourcecode.swift; path = CompletedOrderVC.swift; sourceTree = "<group>"; };
		F6734E3B2A506B4C00934F74 /* CompletedOrderTableViewCell.swift */ = {isa = PBXFileReference; lastKnownFileType = sourcecode.swift; path = CompletedOrderTableViewCell.swift; sourceTree = "<group>"; };
		F68F3F682A2B4715006E5C33 /* NeoCafe.app */ = {isa = PBXFileReference; explicitFileType = wrapper.application; includeInIndex = 0; path = NeoCafe.app; sourceTree = BUILT_PRODUCTS_DIR; };
		F68F3F6B2A2B4715006E5C33 /* AppDelegate.swift */ = {isa = PBXFileReference; lastKnownFileType = sourcecode.swift; path = AppDelegate.swift; sourceTree = "<group>"; };
		F68F3F6F2A2B4715006E5C33 /* ViewController.swift */ = {isa = PBXFileReference; lastKnownFileType = sourcecode.swift; path = ViewController.swift; sourceTree = "<group>"; };
		F68F3F742A2B4716006E5C33 /* Assets.xcassets */ = {isa = PBXFileReference; lastKnownFileType = folder.assetcatalog; path = Assets.xcassets; sourceTree = "<group>"; };
		F68F3F772A2B4716006E5C33 /* Base */ = {isa = PBXFileReference; lastKnownFileType = file.storyboard; name = Base; path = Base.lproj/LaunchScreen.storyboard; sourceTree = "<group>"; };
		F68F3F792A2B4716006E5C33 /* Info.plist */ = {isa = PBXFileReference; lastKnownFileType = text.plist.xml; path = Info.plist; sourceTree = "<group>"; };
		F68F3F812A2B4B20006E5C33 /* LaunchScreenViewController.swift */ = {isa = PBXFileReference; lastKnownFileType = sourcecode.swift; path = LaunchScreenViewController.swift; sourceTree = "<group>"; };
		F68F3F842A2B4DF2006E5C33 /* StartViewController .swift */ = {isa = PBXFileReference; lastKnownFileType = sourcecode.swift; path = "StartViewController .swift"; sourceTree = "<group>"; };
		F68F3F8E2A2B5BE7006E5C33 /* BaseVC.swift */ = {isa = PBXFileReference; lastKnownFileType = sourcecode.swift; path = BaseVC.swift; sourceTree = "<group>"; };
		F68F3F902A2C3907006E5C33 /* BasicMainLabel.swift */ = {isa = PBXFileReference; lastKnownFileType = sourcecode.swift; path = BasicMainLabel.swift; sourceTree = "<group>"; };
		F68F3F932A2C3C24006E5C33 /* NSObject.swift */ = {isa = PBXFileReference; lastKnownFileType = sourcecode.swift; path = NSObject.swift; sourceTree = "<group>"; };
		F68F3F962A2C4B43006E5C33 /* TextField.swift */ = {isa = PBXFileReference; lastKnownFileType = sourcecode.swift; path = TextField.swift; sourceTree = "<group>"; };
		F68F3F982A2D06B4006E5C33 /* BasicButton.swift */ = {isa = PBXFileReference; lastKnownFileType = sourcecode.swift; path = BasicButton.swift; sourceTree = "<group>"; };
		F68F3F9C2A2D0D57006E5C33 /* AuthViewController.swift */ = {isa = PBXFileReference; lastKnownFileType = sourcecode.swift; path = AuthViewController.swift; sourceTree = "<group>"; };
		F68F3F9F2A2D0F3D006E5C33 /* PhoneRegistrationViewController.swift */ = {isa = PBXFileReference; lastKnownFileType = sourcecode.swift; path = PhoneRegistrationViewController.swift; sourceTree = "<group>"; };
		F68F3FA12A2D1B1A006E5C33 /* BasicTextField.swift */ = {isa = PBXFileReference; lastKnownFileType = sourcecode.swift; path = BasicTextField.swift; sourceTree = "<group>"; };
		F68F3FA42A2D4873006E5C33 /* AuthVerificationController.swift */ = {isa = PBXFileReference; lastKnownFileType = sourcecode.swift; path = AuthVerificationController.swift; sourceTree = "<group>"; };
		F68F3FA72A2DDFD5006E5C33 /* OneTimeCodeTextField.swift */ = {isa = PBXFileReference; lastKnownFileType = sourcecode.swift; path = OneTimeCodeTextField.swift; sourceTree = "<group>"; };
		F68F3FA92A2EEC62006E5C33 /* BaseLabel.swift */ = {isa = PBXFileReference; lastKnownFileType = sourcecode.swift; path = BaseLabel.swift; sourceTree = "<group>"; };
		F68F3FAC2A2EF6BD006E5C33 /* RegisterVerificationController.swift */ = {isa = PBXFileReference; lastKnownFileType = sourcecode.swift; path = RegisterVerificationController.swift; sourceTree = "<group>"; };
		F68F3FB22A2F13E5006E5C33 /* DateOfBirthViewController.swift */ = {isa = PBXFileReference; lastKnownFileType = sourcecode.swift; path = DateOfBirthViewController.swift; sourceTree = "<group>"; };
		F6B0EC552A6EE239006F1564 /* UpdateRefreshToken.swift */ = {isa = PBXFileReference; lastKnownFileType = sourcecode.swift; path = UpdateRefreshToken.swift; sourceTree = "<group>"; };
		F6B1B9F32A5F028500C20D2B /* DetailsDishVC.swift */ = {isa = PBXFileReference; lastKnownFileType = sourcecode.swift; path = DetailsDishVC.swift; sourceTree = "<group>"; };
		F6B1B9F52A5F212C00C20D2B /* DishTableViewCell.swift */ = {isa = PBXFileReference; lastKnownFileType = sourcecode.swift; path = DishTableViewCell.swift; sourceTree = "<group>"; };
		F6B495B62A51ACB8007E37DA /* HistoryOfOrdersVC.swift */ = {isa = PBXFileReference; lastKnownFileType = sourcecode.swift; path = HistoryOfOrdersVC.swift; sourceTree = "<group>"; };
		F6B495B82A51C00B007E37DA /* HistoryOfOrdersTableViewCell.swift */ = {isa = PBXFileReference; lastKnownFileType = sourcecode.swift; path = HistoryOfOrdersTableViewCell.swift; sourceTree = "<group>"; };
		F6B495C02A5704A5007E37DA /* HorizontalMenuCollectionView.swift */ = {isa = PBXFileReference; lastKnownFileType = sourcecode.swift; path = HorizontalMenuCollectionView.swift; sourceTree = "<group>"; };
		F6B495C22A570D4A007E37DA /* HorizontalMenuCollectionViewCell.swift */ = {isa = PBXFileReference; lastKnownFileType = sourcecode.swift; path = HorizontalMenuCollectionViewCell.swift; sourceTree = "<group>"; };
		F6B495C42A5713FE007E37DA /* CategoryMenuVC .swift */ = {isa = PBXFileReference; lastKnownFileType = sourcecode.swift; path = "CategoryMenuVC .swift"; sourceTree = "<group>"; };
		F6BA9F7D2A741C1E0074463E /* DishesDTO.swift */ = {isa = PBXFileReference; lastKnownFileType = sourcecode.swift; path = DishesDTO.swift; sourceTree = "<group>"; };
		F6BA9F802A74253F0074463E /* CategoryDishesViewModel.swift */ = {isa = PBXFileReference; lastKnownFileType = sourcecode.swift; path = CategoryDishesViewModel.swift; sourceTree = "<group>"; };
		F6BBD3252A34AC5B0007E8FA /* UIView+Extension.swift */ = {isa = PBXFileReference; lastKnownFileType = sourcecode.swift; path = "UIView+Extension.swift"; sourceTree = "<group>"; };
		F6BBD3282A34B5980007E8FA /* TestCell.swift */ = {isa = PBXFileReference; lastKnownFileType = sourcecode.swift; path = TestCell.swift; sourceTree = "<group>"; };
		F6BBD32A2A34BC7A0007E8FA /* TestHeaderView.swift */ = {isa = PBXFileReference; lastKnownFileType = sourcecode.swift; path = TestHeaderView.swift; sourceTree = "<group>"; };
		F6C9B66A2A7FA1BC00E8B710 /* ChangePasswordViewModel.swift */ = {isa = PBXFileReference; lastKnownFileType = sourcecode.swift; path = ChangePasswordViewModel.swift; sourceTree = "<group>"; };
		F6C9B66C2A7FB5FF00E8B710 /* AppDelegate+Extension.swift */ = {isa = PBXFileReference; lastKnownFileType = sourcecode.swift; path = "AppDelegate+Extension.swift"; sourceTree = "<group>"; };
		F6C9B66F2A81E95700E8B710 /* BasketApiSubServiceProtocol.swift */ = {isa = PBXFileReference; lastKnownFileType = sourcecode.swift; path = BasketApiSubServiceProtocol.swift; sourceTree = "<group>"; };
		F6C9B6732A81E9F600E8B710 /* BasketHistoryResponse.swift */ = {isa = PBXFileReference; lastKnownFileType = sourcecode.swift; path = BasketHistoryResponse.swift; sourceTree = "<group>"; };
		F6C9B6772A81EC7500E8B710 /* HistoryOfOrdersVM.swift */ = {isa = PBXFileReference; lastKnownFileType = sourcecode.swift; path = HistoryOfOrdersVM.swift; sourceTree = "<group>"; };
		F6C9B6792A82A1B700E8B710 /* BasketOrdersResponse.swift */ = {isa = PBXFileReference; lastKnownFileType = sourcecode.swift; path = BasketOrdersResponse.swift; sourceTree = "<group>"; };
		F6C9B67D2A82A96600E8B710 /* OpenOrderVM.swift */ = {isa = PBXFileReference; lastKnownFileType = sourcecode.swift; path = OpenOrderVM.swift; sourceTree = "<group>"; };
		F6C9B67F2A84DC5B00E8B710 /* ProfileViewModel.swift */ = {isa = PBXFileReference; lastKnownFileType = sourcecode.swift; path = ProfileViewModel.swift; sourceTree = "<group>"; };
		F6CF59EC2A3F09D000BAAE34 /* UIView+UICollectionViewCell.swift */ = {isa = PBXFileReference; lastKnownFileType = sourcecode.swift; path = "UIView+UICollectionViewCell.swift"; sourceTree = "<group>"; };
		F6CF59F02A3F235800BAAE34 /* LocationsCell.swift */ = {isa = PBXFileReference; lastKnownFileType = sourcecode.swift; path = LocationsCell.swift; sourceTree = "<group>"; };
		F6E149942A497B8A00501BFE /* String+Extension.swift */ = {isa = PBXFileReference; lastKnownFileType = sourcecode.swift; path = "String+Extension.swift"; sourceTree = "<group>"; };
		F6E32DAB2A7AC1A30094FF53 /* QRCodesResponse.swift */ = {isa = PBXFileReference; lastKnownFileType = sourcecode.swift; path = QRCodesResponse.swift; sourceTree = "<group>"; };
		F6E32DAD2A7AC2520094FF53 /* QRCodesApiSubServiceProtocol.swift */ = {isa = PBXFileReference; lastKnownFileType = sourcecode.swift; path = QRCodesApiSubServiceProtocol.swift; sourceTree = "<group>"; };
		F6E378BE2A5AEDB80095E0D1 /* NotifacationVC.swift */ = {isa = PBXFileReference; lastKnownFileType = sourcecode.swift; path = NotifacationVC.swift; sourceTree = "<group>"; };
		F6E378C12A5AFE8A0095E0D1 /* NotifacationTableViewCell.swift */ = {isa = PBXFileReference; lastKnownFileType = sourcecode.swift; path = NotifacationTableViewCell.swift; sourceTree = "<group>"; };
/* End PBXFileReference section */

/* Begin PBXFrameworksBuildPhase section */
		F68F3F652A2B4715006E5C33 /* Frameworks */ = {
			isa = PBXFrameworksBuildPhase;
			buildActionMask = 2147483647;
			files = (
				F68F3F882A2B4F28006E5C33 /* SnapKit in Frameworks */,
				F653C4BF2A6501DD009CEC76 /* Alamofire in Frameworks */,
				F6A21D232A3880DA00DBDB66 /* FittedSheets in Frameworks */,
				F6B0EC592A6EEC6E006F1564 /* SwiftDate in Frameworks */,
				F64A023C2A3335F600D03959 /* IQKeyboardManagerSwift in Frameworks */,
				F62A113E2A78108A009860FC /* ReactiveMoya in Frameworks */,
				F62A11402A78108A009860FC /* RxMoya in Frameworks */,
				F62A113C2A78108A009860FC /* Moya in Frameworks */,
				F62A11702A781E10009860FC /* SwiftBoost in Frameworks */,
				F61E9D322A6AE23A009CE510 /* Kingfisher in Frameworks */,
			);
			runOnlyForDeploymentPostprocessing = 0;
		};
/* End PBXFrameworksBuildPhase section */

/* Begin PBXGroup section */
		F617052B2A41726800812FBB /* Components */ = {
			isa = PBXGroup;
			children = (
				F61705312A41D7FD00812FBB /* ProfileEditViewController.swift */,
				F617052D2A4174AD00812FBB /* BonusCollectionViewCell.swift */,
				F61705352A42C45F00812FBB /* ProfileOrdersCollectionViewCell.swift */,
			);
			path = Components;
			sourceTree = "<group>";
		};
		F62A11372A780CA8009860FC /* NewApiService */ = {
			isa = PBXGroup;
			children = (
				F62A11412A7810CD009860FC /* Entities */,
				F62A11452A781114009860FC /* SubServices */,
				F62A114D2A7811C7009860FC /* Helpers */,
			);
			path = NewApiService;
			sourceTree = "<group>";
		};
		F62A11412A7810CD009860FC /* Entities */ = {
			isa = PBXGroup;
			children = (
				F62A11422A7810D7009860FC /* Requests */,
			);
			path = Entities;
			sourceTree = "<group>";
		};
		F62A11422A7810D7009860FC /* Requests */ = {
			isa = PBXGroup;
			children = (
				F62A11432A7810EE009860FC /* PaginationRequest.swift */,
			);
			path = Requests;
			sourceTree = "<group>";
		};
		F62A11452A781114009860FC /* SubServices */ = {
			isa = PBXGroup;
			children = (
				F6C9B66E2A81E8B800E8B710 /* Basket */,
				F6E32DA82A7ABDE90094FF53 /* QRCodes */,
				F62A11462A781122009860FC /* Category */,
				F62A11502A78143E009860FC /* Dishes */,
			);
			path = SubServices;
			sourceTree = "<group>";
		};
		F62A11462A781122009860FC /* Category */ = {
			isa = PBXGroup;
			children = (
				F62A11472A78112D009860FC /* Entities */,
			);
			path = Category;
			sourceTree = "<group>";
		};
		F62A11472A78112D009860FC /* Entities */ = {
			isa = PBXGroup;
			children = (
				F62A114B2A781162009860FC /* CategoryApiSubService.swift */,
				F62A11532A78155C009860FC /* Responses */,
			);
			path = Entities;
			sourceTree = "<group>";
		};
		F62A11482A781136009860FC /* Responses */ = {
			isa = PBXGroup;
			children = (
				F62A11542A781585009860FC /* DishesListResponse.swift */,
			);
			path = Responses;
			sourceTree = "<group>";
		};
		F62A114D2A7811C7009860FC /* Helpers */ = {
			isa = PBXGroup;
			children = (
				F62A114E2A7811DE009860FC /* CustomType.swift */,
			);
			path = Helpers;
			sourceTree = "<group>";
		};
		F62A11502A78143E009860FC /* Dishes */ = {
			isa = PBXGroup;
			children = (
				F62A11562A7815AF009860FC /* DishesApiSubService.swift */,
				F62A11512A78144A009860FC /* Entities */,
			);
			path = Dishes;
			sourceTree = "<group>";
		};
		F62A11512A78144A009860FC /* Entities */ = {
			isa = PBXGroup;
			children = (
				F62A11482A781136009860FC /* Responses */,
			);
			path = Entities;
			sourceTree = "<group>";
		};
		F62A11532A78155C009860FC /* Responses */ = {
			isa = PBXGroup;
			children = (
				F62A11492A781146009860FC /* CategoryListResponse.swift */,
			);
			path = Responses;
			sourceTree = "<group>";
		};
		F62A11582A781BEA009860FC /* Menu */ = {
			isa = PBXGroup;
			children = (
				F62A11592A781BF7009860FC /* Assembly */,
				F62A115C2A781C17009860FC /* Router */,
				F62A115F2A781CA0009860FC /* ViewModel */,
				F62A11622A781D04009860FC /* ViewController */,
			);
			path = Menu;
			sourceTree = "<group>";
		};
		F62A11592A781BF7009860FC /* Assembly */ = {
			isa = PBXGroup;
			children = (
				F62A115A2A781C01009860FC /* MenuAssembly.swift */,
			);
			path = Assembly;
			sourceTree = "<group>";
		};
		F62A115C2A781C17009860FC /* Router */ = {
			isa = PBXGroup;
			children = (
				F62A115D2A781C8B009860FC /* MenuRouter.swift */,
			);
			path = Router;
			sourceTree = "<group>";
		};
		F62A115F2A781CA0009860FC /* ViewModel */ = {
			isa = PBXGroup;
			children = (
				F62A11602A781CEB009860FC /* MenuViewModel.swift */,
			);
			path = ViewModel;
			sourceTree = "<group>";
		};
		F62A11622A781D04009860FC /* ViewController */ = {
			isa = PBXGroup;
			children = (
				F62A116C2A781DA6009860FC /* MenuViewController.swift */,
				F62A11632A781D24009860FC /* Views */,
			);
			path = ViewController;
			sourceTree = "<group>";
		};
		F62A11632A781D24009860FC /* Views */ = {
			isa = PBXGroup;
			children = (
				F62A116A2A781D84009860FC /* MenuView.swift */,
				F62A11642A781D2D009860FC /* Cells */,
			);
			path = Views;
			sourceTree = "<group>";
		};
		F62A11642A781D2D009860FC /* Cells */ = {
			isa = PBXGroup;
			children = (
				F62A11662A781D42009860FC /* MenuCategoryCollectionViewCell.swift */,
				F62A11682A781D5C009860FC /* MenuDishesCollectionViewCell.swift */,
			);
			path = Cells;
			sourceTree = "<group>";
		};
		F64A02382A33274600D03959 /* Components */ = {
			isa = PBXGroup;
			children = (
				F68F3FA42A2D4873006E5C33 /* AuthVerificationController.swift */,
				F653C4DA2A66D5DA009CEC76 /* AuthVerificationViewModel.swift */,
			);
			path = Components;
			sourceTree = "<group>";
		};
		F64DC60D2A5ABDA2005D67A9 /* Cells */ = {
			isa = PBXGroup;
			children = (
				F66131572A4C67E70075E982 /* AddToCartTableViewCell.swift */,
				F6734E372A4E7F7200934F74 /* OpenOrderTableViewCell.swift */,
				F6734E3B2A506B4C00934F74 /* CompletedOrderTableViewCell.swift */,
				F6B495B82A51C00B007E37DA /* HistoryOfOrdersTableViewCell.swift */,
			);
			path = Cells;
			sourceTree = "<group>";
		};
		F653C4AB2A64F1DC009CEC76 /* Services */ = {
			isa = PBXGroup;
			children = (
				F62A11372A780CA8009860FC /* NewApiService */,
				F62A11382A780EB3009860FC /* NewApiService.swift */,
				F653C4C22A6522D0009CEC76 /* NetworkComponents */,
				F653C4B32A64F37F009CEC76 /* APIManager */,
				F653C4AC2A64F22D009CEC76 /* NetworkService */,
			);
			path = Services;
			sourceTree = "<group>";
		};
		F653C4AC2A64F22D009CEC76 /* NetworkService */ = {
			isa = PBXGroup;
			children = (
				F653C4C32A652397009CEC76 /* Endpoints */,
			);
			path = NetworkService;
			sourceTree = "<group>";
		};
		F653C4B32A64F37F009CEC76 /* APIManager */ = {
			isa = PBXGroup;
			children = (
				F653C4C02A6501F3009CEC76 /* NetworkManager.swift */,
				F653C4B62A64F5A7009CEC76 /* ProResult.swift */,
				F653C4B82A64F843009CEC76 /* StatusCode.swift */,
			);
			path = APIManager;
			sourceTree = "<group>";
		};
		F653C4C22A6522D0009CEC76 /* NetworkComponents */ = {
			isa = PBXGroup;
			children = (
				F653C4AD2A64F268009CEC76 /* BaseRouter.swift */,
				F653C4AF2A64F2CF009CEC76 /* HttpMethods.swift */,
				F653C4B12A64F328009CEC76 /* HttpHeader.swift */,
				F653C4B42A64F3A7009CEC76 /* NetworkErrors.swift */,
			);
			path = NetworkComponents;
			sourceTree = "<group>";
		};
		F653C4C32A652397009CEC76 /* Endpoints */ = {
			isa = PBXGroup;
			children = (
				F653C4C42A6542A0009CEC76 /* ApiService.swift */,
			);
			path = Endpoints;
			sourceTree = "<group>";
		};
		F653C4CA2A654B3E009CEC76 /* Model */ = {
			isa = PBXGroup;
			children = (
				F653C4CB2A654B66009CEC76 /* DTO */,
			);
			path = Model;
			sourceTree = "<group>";
		};
		F653C4CB2A654B66009CEC76 /* DTO */ = {
			isa = PBXGroup;
			children = (
				F653C4CC2A654B7F009CEC76 /* RegistrationDTO.swift */,
				F653C4D62A65917D009CEC76 /* AuthorizationDTO.swift */,
				F653C4DC2A66FD0C009CEC76 /* RefreshTokenDTO.swift */,
				F653C4E72A6942A8009CEC76 /* BranchDTO.swift */,
				F61E9D2E2A6A1828009CE510 /* AccessTokenResponse.swift */,
				F6B0EC552A6EE239006F1564 /* UpdateRefreshToken.swift */,
				F6BA9F7D2A741C1E0074463E /* DishesDTO.swift */,
			);
			path = DTO;
			sourceTree = "<group>";
		};
		F653C4DE2A66FE8C009CEC76 /* UserDefaultsService */ = {
			isa = PBXGroup;
			children = (
				F653C4DF2A66FE9A009CEC76 /* UserDefaultsDataStoreProtocol.swift */,
				F653C4E12A66FEAE009CEC76 /* DataStoreUserDefaults.swift */,
				F653C4E32A66FED1009CEC76 /* DSGenerator.swift */,
			);
			path = UserDefaultsService;
			sourceTree = "<group>";
		};
		F65937AB2A31E6CC0073C4DF /* Enum */ = {
			isa = PBXGroup;
			children = (
				F61705372A42C7B300812FBB /* Header.swift */,
			);
			path = Enum;
			sourceTree = "<group>";
		};
		F65937AE2A31EEBF0073C4DF /* TabBar Workflow */ = {
			isa = PBXGroup;
			children = (
				F65937AF2A31F0850073C4DF /* Main Page */,
				F65937B22A31F0EC0073C4DF /* Basket Page */,
				F65937B52A31F1400073C4DF /* QRCode Page */,
				F65937BB2A31F1EC0073C4DF /* Locations Page */,
				F65937B82A31F1780073C4DF /* Profile Page */,
			);
			path = "TabBar Workflow";
			sourceTree = "<group>";
		};
		F65937AF2A31F0850073C4DF /* Main Page */ = {
			isa = PBXGroup;
			children = (
				F6C9B6822A8525F100E8B710 /* MainVC */,
				F62A11582A781BEA009860FC /* Menu */,
				F6BBD3272A34B5840007E8FA /* Components */,
				F6CF59EB2A3B3EA600BAAE34 /* Сells */,
			);
			path = "Main Page";
			sourceTree = "<group>";
		};
		F65937B22A31F0EC0073C4DF /* Basket Page */ = {
			isa = PBXGroup;
			children = (
				F65937B32A31F13B0073C4DF /* BasketViewController.swift */,
				F66131502A4BE5AE0075E982 /* Components */,
				F64DC60D2A5ABDA2005D67A9 /* Cells */,
			);
			path = "Basket Page";
			sourceTree = "<group>";
		};
		F65937B52A31F1400073C4DF /* QRCode Page */ = {
			isa = PBXGroup;
			children = (
				F65937B62A31F1720073C4DF /* QRCodeViewController.swift */,
			);
			path = "QRCode Page";
			sourceTree = "<group>";
		};
		F65937B82A31F1780073C4DF /* Profile Page */ = {
			isa = PBXGroup;
			children = (
				F65937B92A31F1980073C4DF /* ProfileViewController.swift */,
				F6C9B67F2A84DC5B00E8B710 /* ProfileViewModel.swift */,
				F617052B2A41726800812FBB /* Components */,
			);
			path = "Profile Page";
			sourceTree = "<group>";
		};
		F65937BB2A31F1EC0073C4DF /* Locations Page */ = {
			isa = PBXGroup;
			children = (
				F65937BC2A31F2070073C4DF /* LocationsViewController.swift */,
				F6CF59EF2A3F231500BAAE34 /* Cell */,
				F653C4E92A69491D009CEC76 /* LocationsViewModel.swift */,
			);
			path = "Locations Page";
			sourceTree = "<group>";
		};
		F65937BE2A31F2560073C4DF /* MainTabBar */ = {
			isa = PBXGroup;
			children = (
				F65937AC2A31E9E40073C4DF /* TabBar.swift */,
			);
			path = MainTabBar;
			sourceTree = "<group>";
		};
		F65937BF2A325CD70073C4DF /* Application */ = {
			isa = PBXGroup;
			children = (
				F68F3F6B2A2B4715006E5C33 /* AppDelegate.swift */,
			);
			path = Application;
			sourceTree = "<group>";
		};
		F66131502A4BE5AE0075E982 /* Components */ = {
			isa = PBXGroup;
			children = (
				F6C9B67B2A82A8BF00E8B710 /* HistoryOpenOrder */,
				F6C9B6752A81EC4500E8B710 /* History */,
				F66131512A4BE5EE0075E982 /* ElementsView.swift */,
				F66131552A4C57C10075E982 /* RoundStepperView.swift */,
				F66131532A4BF7590075E982 /* AddToCartVC.swift */,
				F6734E392A506A7400934F74 /* CompletedOrderVC.swift */,
			);
			path = Components;
			sourceTree = "<group>";
		};
		F68F3F5F2A2B4715006E5C33 = {
			isa = PBXGroup;
			children = (
				F68F3F6A2A2B4715006E5C33 /* NeoCafe */,
				F68F3F692A2B4715006E5C33 /* Products */,
			);
			sourceTree = "<group>";
		};
		F68F3F692A2B4715006E5C33 /* Products */ = {
			isa = PBXGroup;
			children = (
				F68F3F682A2B4715006E5C33 /* NeoCafe.app */,
			);
			name = Products;
			sourceTree = "<group>";
		};
		F68F3F6A2A2B4715006E5C33 /* NeoCafe */ = {
			isa = PBXGroup;
			children = (
				F653C4DE2A66FE8C009CEC76 /* UserDefaultsService */,
				F653C4CA2A654B3E009CEC76 /* Model */,
				F653C4AB2A64F1DC009CEC76 /* Services */,
				F65937BF2A325CD70073C4DF /* Application */,
				F68F3F952A2C3CD0006E5C33 /* Resources */,
				F65937AB2A31E6CC0073C4DF /* Enum */,
				F68F3FA62A2DDF95006E5C33 /* OTP */,
				F68F3F8C2A2B5BB6006E5C33 /* Base */,
				F68F3F7F2A2B4AE5006E5C33 /* WorkFlow */,
				F68F3F922A2C3BCD006E5C33 /* Extensions */,
				F68F3F6F2A2B4715006E5C33 /* ViewController.swift */,
				F6C9B66A2A7FA1BC00E8B710 /* ChangePasswordViewModel.swift */,
				F68F3F792A2B4716006E5C33 /* Info.plist */,
			);
			path = NeoCafe;
			sourceTree = "<group>";
		};
		F68F3F7F2A2B4AE5006E5C33 /* WorkFlow */ = {
			isa = PBXGroup;
			children = (
				F68F3F9A2A2D0CDF006E5C33 /* Auth */,
				F65937BE2A31F2560073C4DF /* MainTabBar */,
				F65937AE2A31EEBF0073C4DF /* TabBar Workflow */,
				F6E378BD2A5AECFD0095E0D1 /* Notifacation Page */,
			);
			path = WorkFlow;
			sourceTree = "<group>";
		};
		F68F3F802A2B4B13006E5C33 /* LaunchScreen */ = {
			isa = PBXGroup;
			children = (
				F68F3F812A2B4B20006E5C33 /* LaunchScreenViewController.swift */,
			);
			path = LaunchScreen;
			sourceTree = "<group>";
		};
		F68F3F832A2B4D24006E5C33 /* StartVC */ = {
			isa = PBXGroup;
			children = (
				F68F3F842A2B4DF2006E5C33 /* StartViewController .swift */,
			);
			path = StartVC;
			sourceTree = "<group>";
		};
		F68F3F8C2A2B5BB6006E5C33 /* Base */ = {
			isa = PBXGroup;
			children = (
				F68F3F8E2A2B5BE7006E5C33 /* BaseVC.swift */,
				F68F3F902A2C3907006E5C33 /* BasicMainLabel.swift */,
				F68F3F982A2D06B4006E5C33 /* BasicButton.swift */,
				F68F3FA12A2D1B1A006E5C33 /* BasicTextField.swift */,
				F68F3FA92A2EEC62006E5C33 /* BaseLabel.swift */,
			);
			path = Base;
			sourceTree = "<group>";
		};
		F68F3F922A2C3BCD006E5C33 /* Extensions */ = {
			isa = PBXGroup;
			children = (
				F68F3F932A2C3C24006E5C33 /* NSObject.swift */,
				F68F3F962A2C4B43006E5C33 /* TextField.swift */,
				F6BBD3252A34AC5B0007E8FA /* UIView+Extension.swift */,
				F6CF59EC2A3F09D000BAAE34 /* UIView+UICollectionViewCell.swift */,
				F61705332A42B0EE00812FBB /* UIView+TableViewCell.swift */,
				F6E149942A497B8A00501BFE /* String+Extension.swift */,
				F653C4D02A65613B009CEC76 /* Server+Extension.swift */,
				F61E9D332A6B47F9009CE510 /* DateFormatter.swift */,
				F6C9B66C2A7FB5FF00E8B710 /* AppDelegate+Extension.swift */,
			);
			path = Extensions;
			sourceTree = "<group>";
		};
		F68F3F952A2C3CD0006E5C33 /* Resources */ = {
			isa = PBXGroup;
			children = (
				F68F3F742A2B4716006E5C33 /* Assets.xcassets */,
				F68F3F762A2B4716006E5C33 /* LaunchScreen.storyboard */,
			);
			path = Resources;
			sourceTree = "<group>";
		};
		F68F3F9A2A2D0CDF006E5C33 /* Auth */ = {
			isa = PBXGroup;
			children = (
				F68F3F802A2B4B13006E5C33 /* LaunchScreen */,
				F68F3F832A2B4D24006E5C33 /* StartVC */,
				F68F3F9B2A2D0D43006E5C33 /* Authorization */,
				F68F3FAB2A2EF690006E5C33 /* Registration */,
			);
			path = Auth;
			sourceTree = "<group>";
		};
		F68F3F9B2A2D0D43006E5C33 /* Authorization */ = {
			isa = PBXGroup;
			children = (
				F68F3F9C2A2D0D57006E5C33 /* AuthViewController.swift */,
				F653C4D82A6591C0009CEC76 /* AuthViewModel.swift */,
				F64A02382A33274600D03959 /* Components */,
			);
			path = Authorization;
			sourceTree = "<group>";
		};
		F68F3FA62A2DDF95006E5C33 /* OTP */ = {
			isa = PBXGroup;
			children = (
				F68F3FA72A2DDFD5006E5C33 /* OneTimeCodeTextField.swift */,
			);
			path = OTP;
			sourceTree = "<group>";
		};
		F68F3FAB2A2EF690006E5C33 /* Registration */ = {
			isa = PBXGroup;
			children = (
				F68F3F9F2A2D0F3D006E5C33 /* PhoneRegistrationViewController.swift */,
				F653C4C62A65469E009CEC76 /* SingUpViewModel.swift */,
				F68F3FB12A2F12DD006E5C33 /* Components */,
			);
			path = Registration;
			sourceTree = "<group>";
		};
		F68F3FB12A2F12DD006E5C33 /* Components */ = {
			isa = PBXGroup;
			children = (
				F68F3FAC2A2EF6BD006E5C33 /* RegisterVerificationController.swift */,
				F68F3FB22A2F13E5006E5C33 /* DateOfBirthViewController.swift */,
				F653C4D42A65735A009CEC76 /* RegisterVerificationViewModel.swift */,
			);
			path = Components;
			sourceTree = "<group>";
		};
		F6BA9F7F2A7424760074463E /* ViewModel */ = {
			isa = PBXGroup;
			children = (
				F6BA9F802A74253F0074463E /* CategoryDishesViewModel.swift */,
			);
			path = ViewModel;
			sourceTree = "<group>";
		};
		F6BBD3272A34B5840007E8FA /* Components */ = {
			isa = PBXGroup;
			children = (
				F6B495C42A5713FE007E37DA /* CategoryMenuVC .swift */,
				F6B1B9F32A5F028500C20D2B /* DetailsDishVC.swift */,
			);
			path = Components;
			sourceTree = "<group>";
		};
		F6C9B66E2A81E8B800E8B710 /* Basket */ = {
			isa = PBXGroup;
			children = (
				F6C9B6712A81E9D900E8B710 /* Entities */,
				F6C9B66F2A81E95700E8B710 /* BasketApiSubServiceProtocol.swift */,
			);
			path = Basket;
			sourceTree = "<group>";
		};
		F6C9B6712A81E9D900E8B710 /* Entities */ = {
			isa = PBXGroup;
			children = (
				F6C9B6722A81E9E400E8B710 /* Responses */,
			);
			path = Entities;
			sourceTree = "<group>";
		};
		F6C9B6722A81E9E400E8B710 /* Responses */ = {
			isa = PBXGroup;
			children = (
				F6C9B6732A81E9F600E8B710 /* BasketHistoryResponse.swift */,
				F6C9B6792A82A1B700E8B710 /* BasketOrdersResponse.swift */,
			);
			path = Responses;
			sourceTree = "<group>";
		};
		F6C9B6752A81EC4500E8B710 /* History */ = {
			isa = PBXGroup;
			children = (
				F6C9B6762A81EC5E00E8B710 /* HistoryOfOrdersVM */,
				F6B495B62A51ACB8007E37DA /* HistoryOfOrdersVC.swift */,
			);
			path = History;
			sourceTree = "<group>";
		};
		F6C9B6762A81EC5E00E8B710 /* HistoryOfOrdersVM */ = {
			isa = PBXGroup;
			children = (
				F6C9B6772A81EC7500E8B710 /* HistoryOfOrdersVM.swift */,
			);
			path = HistoryOfOrdersVM;
			sourceTree = "<group>";
		};
		F6C9B67B2A82A8BF00E8B710 /* HistoryOpenOrder */ = {
			isa = PBXGroup;
			children = (
				F6C9B67C2A82A91A00E8B710 /* ViewModel */,
				F6734E352A4E15C300934F74 /* OpenOrderVC.swift */,
			);
			path = HistoryOpenOrder;
			sourceTree = "<group>";
		};
		F6C9B67C2A82A91A00E8B710 /* ViewModel */ = {
			isa = PBXGroup;
			children = (
				F6C9B67D2A82A96600E8B710 /* OpenOrderVM.swift */,
			);
			path = ViewModel;
			sourceTree = "<group>";
		};
		F6C9B6822A8525F100E8B710 /* MainVC */ = {
			isa = PBXGroup;
			children = (
				F65937B02A31F0CD0073C4DF /* MainViewController.swift */,
				F6BA9F7F2A7424760074463E /* ViewModel */,
			);
			path = MainVC;
			sourceTree = "<group>";
		};
		F6CF59EB2A3B3EA600BAAE34 /* Сells */ = {
			isa = PBXGroup;
			children = (
				F6BBD32A2A34BC7A0007E8FA /* TestHeaderView.swift */,
				F6BBD3282A34B5980007E8FA /* TestCell.swift */,
				F6B495C02A5704A5007E37DA /* HorizontalMenuCollectionView.swift */,
				F6B495C22A570D4A007E37DA /* HorizontalMenuCollectionViewCell.swift */,
				F64DC60E2A5AC451005D67A9 /* CategoryMenuTableViewCell.swift */,
				F6B1B9F52A5F212C00C20D2B /* DishTableViewCell.swift */,
			);
			path = "Сells";
			sourceTree = "<group>";
		};
		F6CF59EF2A3F231500BAAE34 /* Cell */ = {
			isa = PBXGroup;
			children = (
				F6CF59F02A3F235800BAAE34 /* LocationsCell.swift */,
			);
			path = Cell;
			sourceTree = "<group>";
		};
		F6E32DA82A7ABDE90094FF53 /* QRCodes */ = {
			isa = PBXGroup;
			children = (
				F6E32DA92A7ABE120094FF53 /* Entities */,
			);
			path = QRCodes;
			sourceTree = "<group>";
		};
		F6E32DA92A7ABE120094FF53 /* Entities */ = {
			isa = PBXGroup;
			children = (
				F6E32DAD2A7AC2520094FF53 /* QRCodesApiSubServiceProtocol.swift */,
				F6E32DAA2A7ABE1F0094FF53 /* Responses */,
			);
			path = Entities;
			sourceTree = "<group>";
		};
		F6E32DAA2A7ABE1F0094FF53 /* Responses */ = {
			isa = PBXGroup;
			children = (
				F6E32DAB2A7AC1A30094FF53 /* QRCodesResponse.swift */,
			);
			path = Responses;
			sourceTree = "<group>";
		};
		F6E378BD2A5AECFD0095E0D1 /* Notifacation Page */ = {
			isa = PBXGroup;
			children = (
				F6E378BE2A5AEDB80095E0D1 /* NotifacationVC.swift */,
				F6E378C02A5AEDEA0095E0D1 /* Cell */,
			);
			path = "Notifacation Page";
			sourceTree = "<group>";
		};
		F6E378C02A5AEDEA0095E0D1 /* Cell */ = {
			isa = PBXGroup;
			children = (
				F6E378C12A5AFE8A0095E0D1 /* NotifacationTableViewCell.swift */,
			);
			path = Cell;
			sourceTree = "<group>";
		};
/* End PBXGroup section */

/* Begin PBXNativeTarget section */
		F68F3F672A2B4715006E5C33 /* NeoCafe */ = {
			isa = PBXNativeTarget;
			buildConfigurationList = F68F3F7C2A2B4716006E5C33 /* Build configuration list for PBXNativeTarget "NeoCafe" */;
			buildPhases = (
				F68F3F642A2B4715006E5C33 /* Sources */,
				F68F3F652A2B4715006E5C33 /* Frameworks */,
				F68F3F662A2B4715006E5C33 /* Resources */,
			);
			buildRules = (
			);
			dependencies = (
			);
			name = NeoCafe;
			packageProductDependencies = (
				F68F3F872A2B4F28006E5C33 /* SnapKit */,
				F64A023B2A3335F600D03959 /* IQKeyboardManagerSwift */,
				F6A21D222A3880DA00DBDB66 /* FittedSheets */,
				F653C4BE2A6501DD009CEC76 /* Alamofire */,
				F61E9D312A6AE23A009CE510 /* Kingfisher */,
				F6B0EC582A6EEC6E006F1564 /* SwiftDate */,
				F62A113B2A78108A009860FC /* Moya */,
				F62A113D2A78108A009860FC /* ReactiveMoya */,
				F62A113F2A78108A009860FC /* RxMoya */,
				F62A116F2A781E10009860FC /* SwiftBoost */,
			);
			productName = NeoCafe;
			productReference = F68F3F682A2B4715006E5C33 /* NeoCafe.app */;
			productType = "com.apple.product-type.application";
		};
/* End PBXNativeTarget section */

/* Begin PBXProject section */
		F68F3F602A2B4715006E5C33 /* Project object */ = {
			isa = PBXProject;
			attributes = {
				BuildIndependentTargetsInParallel = 1;
				LastSwiftUpdateCheck = 1430;
				LastUpgradeCheck = 1430;
				TargetAttributes = {
					F68F3F672A2B4715006E5C33 = {
						CreatedOnToolsVersion = 14.3;
					};
				};
			};
			buildConfigurationList = F68F3F632A2B4715006E5C33 /* Build configuration list for PBXProject "NeoCafe" */;
			compatibilityVersion = "Xcode 14.0";
			developmentRegion = en;
			hasScannedForEncodings = 0;
			knownRegions = (
				en,
				Base,
			);
			mainGroup = F68F3F5F2A2B4715006E5C33;
			packageReferences = (
				F68F3F862A2B4F28006E5C33 /* XCRemoteSwiftPackageReference "SnapKit" */,
				F64A023A2A3335F600D03959 /* XCRemoteSwiftPackageReference "IQKeyboardManager" */,
				F6A21D212A3880DA00DBDB66 /* XCRemoteSwiftPackageReference "FittedSheets" */,
				F653C4BD2A6501DD009CEC76 /* XCRemoteSwiftPackageReference "Alamofire" */,
				F61E9D302A6AE23A009CE510 /* XCRemoteSwiftPackageReference "Kingfisher" */,
				F6B0EC572A6EEC6E006F1564 /* XCRemoteSwiftPackageReference "SwiftDate" */,
				F62A113A2A78108A009860FC /* XCRemoteSwiftPackageReference "Moya" */,
				F62A116E2A781E10009860FC /* XCRemoteSwiftPackageReference "SwiftBoost" */,
			);
			productRefGroup = F68F3F692A2B4715006E5C33 /* Products */;
			projectDirPath = "";
			projectRoot = "";
			targets = (
				F68F3F672A2B4715006E5C33 /* NeoCafe */,
			);
		};
/* End PBXProject section */

/* Begin PBXResourcesBuildPhase section */
		F68F3F662A2B4715006E5C33 /* Resources */ = {
			isa = PBXResourcesBuildPhase;
			buildActionMask = 2147483647;
			files = (
				F68F3F782A2B4716006E5C33 /* LaunchScreen.storyboard in Resources */,
				F68F3F752A2B4716006E5C33 /* Assets.xcassets in Resources */,
			);
			runOnlyForDeploymentPostprocessing = 0;
		};
/* End PBXResourcesBuildPhase section */

/* Begin PBXSourcesBuildPhase section */
		F68F3F642A2B4715006E5C33 /* Sources */ = {
			isa = PBXSourcesBuildPhase;
			buildActionMask = 2147483647;
			files = (
				F6E32DAC2A7AC1A30094FF53 /* QRCodesResponse.swift in Sources */,
				F653C4B02A64F2CF009CEC76 /* HttpMethods.swift in Sources */,
				F6734E382A4E7F7200934F74 /* OpenOrderTableViewCell.swift in Sources */,
				F64DC60F2A5AC451005D67A9 /* CategoryMenuTableViewCell.swift in Sources */,
				F68F3F912A2C3907006E5C33 /* BasicMainLabel.swift in Sources */,
				F653C4E22A66FEAE009CEC76 /* DataStoreUserDefaults.swift in Sources */,
				F6BA9F7E2A741C1E0074463E /* DishesDTO.swift in Sources */,
				F653C4E42A66FED1009CEC76 /* DSGenerator.swift in Sources */,
				F62A116B2A781D84009860FC /* MenuView.swift in Sources */,
				F6CF59ED2A3F09D000BAAE34 /* UIView+UICollectionViewCell.swift in Sources */,
				F62A114A2A781146009860FC /* CategoryListResponse.swift in Sources */,
				F6BBD32B2A34BC7A0007E8FA /* TestHeaderView.swift in Sources */,
				F6C9B67E2A82A96600E8B710 /* OpenOrderVM.swift in Sources */,
				F6C9B6702A81E95700E8B710 /* BasketApiSubServiceProtocol.swift in Sources */,
				F65937BD2A31F2070073C4DF /* LocationsViewController.swift in Sources */,
				F62A11552A781585009860FC /* DishesListResponse.swift in Sources */,
				F6B1B9F42A5F028500C20D2B /* DetailsDishVC.swift in Sources */,
				F68F3FA02A2D0F3D006E5C33 /* PhoneRegistrationViewController.swift in Sources */,
				F62A115B2A781C01009860FC /* MenuAssembly.swift in Sources */,
				F653C4B92A64F843009CEC76 /* StatusCode.swift in Sources */,
				F6B1B9F62A5F212C00C20D2B /* DishTableViewCell.swift in Sources */,
				F62A11442A7810EE009860FC /* PaginationRequest.swift in Sources */,
				F653C4D12A65613B009CEC76 /* Server+Extension.swift in Sources */,
				F68F3F702A2B4715006E5C33 /* ViewController.swift in Sources */,
				F653C4C12A6501F3009CEC76 /* NetworkManager.swift in Sources */,
				F653C4B52A64F3A7009CEC76 /* NetworkErrors.swift in Sources */,
				F62A11572A7815AF009860FC /* DishesApiSubService.swift in Sources */,
				F6C9B66B2A7FA1BC00E8B710 /* ChangePasswordViewModel.swift in Sources */,
				F6B0EC562A6EE239006F1564 /* UpdateRefreshToken.swift in Sources */,
				F68F3F822A2B4B20006E5C33 /* LaunchScreenViewController.swift in Sources */,
				F68F3F992A2D06B4006E5C33 /* BasicButton.swift in Sources */,
				F653C4D92A6591C0009CEC76 /* AuthViewModel.swift in Sources */,
				F61705382A42C7B300812FBB /* Header.swift in Sources */,
				F6734E3A2A506A7500934F74 /* CompletedOrderVC.swift in Sources */,
				F65937B12A31F0CD0073C4DF /* MainViewController.swift in Sources */,
				F653C4C72A65469E009CEC76 /* SingUpViewModel.swift in Sources */,
				F6BA9F812A74253F0074463E /* CategoryDishesViewModel.swift in Sources */,
				F6734E3C2A506B4C00934F74 /* CompletedOrderTableViewCell.swift in Sources */,
				F65937BA2A31F1980073C4DF /* ProfileViewController.swift in Sources */,
				F6CF59F12A3F235800BAAE34 /* LocationsCell.swift in Sources */,
				F6C9B6802A84DC5B00E8B710 /* ProfileViewModel.swift in Sources */,
				F6E32DAE2A7AC2520094FF53 /* QRCodesApiSubServiceProtocol.swift in Sources */,
				F653C4B22A64F328009CEC76 /* HttpHeader.swift in Sources */,
				F6C9B6742A81E9F600E8B710 /* BasketHistoryResponse.swift in Sources */,
				F61E9D342A6B47F9009CE510 /* DateFormatter.swift in Sources */,
				F68F3F972A2C4B43006E5C33 /* TextField.swift in Sources */,
				F66131522A4BE5EE0075E982 /* ElementsView.swift in Sources */,
				F61E9D2F2A6A1828009CE510 /* AccessTokenResponse.swift in Sources */,
				F68F3F942A2C3C24006E5C33 /* NSObject.swift in Sources */,
				F653C4E82A6942A8009CEC76 /* BranchDTO.swift in Sources */,
				F68F3F852A2B4DF2006E5C33 /* StartViewController .swift in Sources */,
				F61705322A41D7FE00812FBB /* ProfileEditViewController.swift in Sources */,
				F68F3F6C2A2B4715006E5C33 /* AppDelegate.swift in Sources */,
				F653C4D52A65735A009CEC76 /* RegisterVerificationViewModel.swift in Sources */,
				F6BBD3292A34B5980007E8FA /* TestCell.swift in Sources */,
				F6734E362A4E15C300934F74 /* OpenOrderVC.swift in Sources */,
				F65937B42A31F13B0073C4DF /* BasketViewController.swift in Sources */,
				F653C4DB2A66D5DA009CEC76 /* AuthVerificationViewModel.swift in Sources */,
				F653C4EA2A69491D009CEC76 /* LocationsViewModel.swift in Sources */,
				F653C4DD2A66FD0C009CEC76 /* RefreshTokenDTO.swift in Sources */,
				F6B495C52A5713FE007E37DA /* CategoryMenuVC .swift in Sources */,
				F6E378C22A5AFE8A0095E0D1 /* NotifacationTableViewCell.swift in Sources */,
				F62A11672A781D42009860FC /* MenuCategoryCollectionViewCell.swift in Sources */,
				F6C9B67A2A82A1B700E8B710 /* BasketOrdersResponse.swift in Sources */,
				F65937AD2A31E9E40073C4DF /* TabBar.swift in Sources */,
				F62A11392A780EB3009860FC /* NewApiService.swift in Sources */,
				F653C4B72A64F5A7009CEC76 /* ProResult.swift in Sources */,
				F617052E2A4174AD00812FBB /* BonusCollectionViewCell.swift in Sources */,
				F653C4CD2A654B7F009CEC76 /* RegistrationDTO.swift in Sources */,
				F6B495B92A51C00B007E37DA /* HistoryOfOrdersTableViewCell.swift in Sources */,
				F62A114C2A781162009860FC /* CategoryApiSubService.swift in Sources */,
				F65937B72A31F1720073C4DF /* QRCodeViewController.swift in Sources */,
				F68F3FB32A2F13E5006E5C33 /* DateOfBirthViewController.swift in Sources */,
				F68F3F9D2A2D0D57006E5C33 /* AuthViewController.swift in Sources */,
				F61705362A42C45F00812FBB /* ProfileOrdersCollectionViewCell.swift in Sources */,
				F653C4AE2A64F268009CEC76 /* BaseRouter.swift in Sources */,
				F62A11692A781D5C009860FC /* MenuDishesCollectionViewCell.swift in Sources */,
				F6B495C32A570D4A007E37DA /* HorizontalMenuCollectionViewCell.swift in Sources */,
				F6E378BF2A5AEDB80095E0D1 /* NotifacationVC.swift in Sources */,
				F68F3FA82A2DDFD5006E5C33 /* OneTimeCodeTextField.swift in Sources */,
				F6E149952A497B8A00501BFE /* String+Extension.swift in Sources */,
				F62A114F2A7811DE009860FC /* CustomType.swift in Sources */,
				F62A11612A781CEB009860FC /* MenuViewModel.swift in Sources */,
				F6BBD3262A34AC5B0007E8FA /* UIView+Extension.swift in Sources */,
				F6B495C12A5704A5007E37DA /* HorizontalMenuCollectionView.swift in Sources */,
				F66131582A4C67E70075E982 /* AddToCartTableViewCell.swift in Sources */,
				F653C4C52A6542A0009CEC76 /* ApiService.swift in Sources */,
				F6C9B6782A81EC7500E8B710 /* HistoryOfOrdersVM.swift in Sources */,
				F68F3FAD2A2EF6BD006E5C33 /* RegisterVerificationController.swift in Sources */,
				F6B495B72A51ACB8007E37DA /* HistoryOfOrdersVC.swift in Sources */,
				F66131562A4C57C10075E982 /* RoundStepperView.swift in Sources */,
				F653C4D72A65917D009CEC76 /* AuthorizationDTO.swift in Sources */,
				F68F3FA52A2D4873006E5C33 /* AuthVerificationController.swift in Sources */,
				F62A115E2A781C8B009860FC /* MenuRouter.swift in Sources */,
				F61705342A42B0EE00812FBB /* UIView+TableViewCell.swift in Sources */,
				F68F3FA22A2D1B1A006E5C33 /* BasicTextField.swift in Sources */,
				F6C9B66D2A7FB5FF00E8B710 /* AppDelegate+Extension.swift in Sources */,
				F68F3FAA2A2EEC62006E5C33 /* BaseLabel.swift in Sources */,
				F68F3F8F2A2B5BE7006E5C33 /* BaseVC.swift in Sources */,
				F653C4E02A66FE9A009CEC76 /* UserDefaultsDataStoreProtocol.swift in Sources */,
				F66131542A4BF7590075E982 /* AddToCartVC.swift in Sources */,
				F62A116D2A781DA6009860FC /* MenuViewController.swift in Sources */,
			);
			runOnlyForDeploymentPostprocessing = 0;
		};
/* End PBXSourcesBuildPhase section */

/* Begin PBXVariantGroup section */
		F68F3F762A2B4716006E5C33 /* LaunchScreen.storyboard */ = {
			isa = PBXVariantGroup;
			children = (
				F68F3F772A2B4716006E5C33 /* Base */,
			);
			name = LaunchScreen.storyboard;
			sourceTree = "<group>";
		};
/* End PBXVariantGroup section */

/* Begin XCBuildConfiguration section */
		F68F3F7A2A2B4716006E5C33 /* Debug */ = {
			isa = XCBuildConfiguration;
			buildSettings = {
				ALWAYS_SEARCH_USER_PATHS = NO;
				CLANG_ANALYZER_NONNULL = YES;
				CLANG_ANALYZER_NUMBER_OBJECT_CONVERSION = YES_AGGRESSIVE;
				CLANG_CXX_LANGUAGE_STANDARD = "gnu++20";
				CLANG_ENABLE_MODULES = YES;
				CLANG_ENABLE_OBJC_ARC = YES;
				CLANG_ENABLE_OBJC_WEAK = YES;
				CLANG_WARN_BLOCK_CAPTURE_AUTORELEASING = YES;
				CLANG_WARN_BOOL_CONVERSION = YES;
				CLANG_WARN_COMMA = YES;
				CLANG_WARN_CONSTANT_CONVERSION = YES;
				CLANG_WARN_DEPRECATED_OBJC_IMPLEMENTATIONS = YES;
				CLANG_WARN_DIRECT_OBJC_ISA_USAGE = YES_ERROR;
				CLANG_WARN_DOCUMENTATION_COMMENTS = YES;
				CLANG_WARN_EMPTY_BODY = YES;
				CLANG_WARN_ENUM_CONVERSION = YES;
				CLANG_WARN_INFINITE_RECURSION = YES;
				CLANG_WARN_INT_CONVERSION = YES;
				CLANG_WARN_NON_LITERAL_NULL_CONVERSION = YES;
				CLANG_WARN_OBJC_IMPLICIT_RETAIN_SELF = YES;
				CLANG_WARN_OBJC_LITERAL_CONVERSION = YES;
				CLANG_WARN_OBJC_ROOT_CLASS = YES_ERROR;
				CLANG_WARN_QUOTED_INCLUDE_IN_FRAMEWORK_HEADER = YES;
				CLANG_WARN_RANGE_LOOP_ANALYSIS = YES;
				CLANG_WARN_STRICT_PROTOTYPES = YES;
				CLANG_WARN_SUSPICIOUS_MOVE = YES;
				CLANG_WARN_UNGUARDED_AVAILABILITY = YES_AGGRESSIVE;
				CLANG_WARN_UNREACHABLE_CODE = YES;
				CLANG_WARN__DUPLICATE_METHOD_MATCH = YES;
				COPY_PHASE_STRIP = NO;
				DEBUG_INFORMATION_FORMAT = dwarf;
				ENABLE_STRICT_OBJC_MSGSEND = YES;
				ENABLE_TESTABILITY = YES;
				GCC_C_LANGUAGE_STANDARD = gnu11;
				GCC_DYNAMIC_NO_PIC = NO;
				GCC_NO_COMMON_BLOCKS = YES;
				GCC_OPTIMIZATION_LEVEL = 0;
				GCC_PREPROCESSOR_DEFINITIONS = (
					"DEBUG=1",
					"$(inherited)",
				);
				GCC_WARN_64_TO_32_BIT_CONVERSION = YES;
				GCC_WARN_ABOUT_RETURN_TYPE = YES_ERROR;
				GCC_WARN_UNDECLARED_SELECTOR = YES;
				GCC_WARN_UNINITIALIZED_AUTOS = YES_AGGRESSIVE;
				GCC_WARN_UNUSED_FUNCTION = YES;
				GCC_WARN_UNUSED_VARIABLE = YES;
				IPHONEOS_DEPLOYMENT_TARGET = 13.0;
				MTL_ENABLE_DEBUG_INFO = INCLUDE_SOURCE;
				MTL_FAST_MATH = YES;
				ONLY_ACTIVE_ARCH = YES;
				SDKROOT = iphoneos;
				SWIFT_ACTIVE_COMPILATION_CONDITIONS = DEBUG;
				SWIFT_OPTIMIZATION_LEVEL = "-Onone";
			};
			name = Debug;
		};
		F68F3F7B2A2B4716006E5C33 /* Release */ = {
			isa = XCBuildConfiguration;
			buildSettings = {
				ALWAYS_SEARCH_USER_PATHS = NO;
				CLANG_ANALYZER_NONNULL = YES;
				CLANG_ANALYZER_NUMBER_OBJECT_CONVERSION = YES_AGGRESSIVE;
				CLANG_CXX_LANGUAGE_STANDARD = "gnu++20";
				CLANG_ENABLE_MODULES = YES;
				CLANG_ENABLE_OBJC_ARC = YES;
				CLANG_ENABLE_OBJC_WEAK = YES;
				CLANG_WARN_BLOCK_CAPTURE_AUTORELEASING = YES;
				CLANG_WARN_BOOL_CONVERSION = YES;
				CLANG_WARN_COMMA = YES;
				CLANG_WARN_CONSTANT_CONVERSION = YES;
				CLANG_WARN_DEPRECATED_OBJC_IMPLEMENTATIONS = YES;
				CLANG_WARN_DIRECT_OBJC_ISA_USAGE = YES_ERROR;
				CLANG_WARN_DOCUMENTATION_COMMENTS = YES;
				CLANG_WARN_EMPTY_BODY = YES;
				CLANG_WARN_ENUM_CONVERSION = YES;
				CLANG_WARN_INFINITE_RECURSION = YES;
				CLANG_WARN_INT_CONVERSION = YES;
				CLANG_WARN_NON_LITERAL_NULL_CONVERSION = YES;
				CLANG_WARN_OBJC_IMPLICIT_RETAIN_SELF = YES;
				CLANG_WARN_OBJC_LITERAL_CONVERSION = YES;
				CLANG_WARN_OBJC_ROOT_CLASS = YES_ERROR;
				CLANG_WARN_QUOTED_INCLUDE_IN_FRAMEWORK_HEADER = YES;
				CLANG_WARN_RANGE_LOOP_ANALYSIS = YES;
				CLANG_WARN_STRICT_PROTOTYPES = YES;
				CLANG_WARN_SUSPICIOUS_MOVE = YES;
				CLANG_WARN_UNGUARDED_AVAILABILITY = YES_AGGRESSIVE;
				CLANG_WARN_UNREACHABLE_CODE = YES;
				CLANG_WARN__DUPLICATE_METHOD_MATCH = YES;
				COPY_PHASE_STRIP = NO;
				DEBUG_INFORMATION_FORMAT = "dwarf-with-dsym";
				ENABLE_NS_ASSERTIONS = NO;
				ENABLE_STRICT_OBJC_MSGSEND = YES;
				GCC_C_LANGUAGE_STANDARD = gnu11;
				GCC_NO_COMMON_BLOCKS = YES;
				GCC_WARN_64_TO_32_BIT_CONVERSION = YES;
				GCC_WARN_ABOUT_RETURN_TYPE = YES_ERROR;
				GCC_WARN_UNDECLARED_SELECTOR = YES;
				GCC_WARN_UNINITIALIZED_AUTOS = YES_AGGRESSIVE;
				GCC_WARN_UNUSED_FUNCTION = YES;
				GCC_WARN_UNUSED_VARIABLE = YES;
				IPHONEOS_DEPLOYMENT_TARGET = 13.0;
				MTL_ENABLE_DEBUG_INFO = NO;
				MTL_FAST_MATH = YES;
				SDKROOT = iphoneos;
				SWIFT_COMPILATION_MODE = wholemodule;
				SWIFT_OPTIMIZATION_LEVEL = "-O";
				VALIDATE_PRODUCT = YES;
			};
			name = Release;
		};
		F68F3F7D2A2B4716006E5C33 /* Debug */ = {
			isa = XCBuildConfiguration;
			buildSettings = {
				ASSETCATALOG_COMPILER_APPICON_NAME = AppIcon;
				ASSETCATALOG_COMPILER_GLOBAL_ACCENT_COLOR_NAME = AccentColor;
				CODE_SIGN_STYLE = Automatic;
				CURRENT_PROJECT_VERSION = 1;
				DEVELOPMENT_TEAM = Y4DU5SWFLS;
				GENERATE_INFOPLIST_FILE = YES;
				INFOPLIST_FILE = NeoCafe/Info.plist;
				INFOPLIST_KEY_UIApplicationSupportsIndirectInputEvents = YES;
				INFOPLIST_KEY_UILaunchStoryboardName = LaunchScreen;
				INFOPLIST_KEY_UISupportedInterfaceOrientations_iPad = "UIInterfaceOrientationPortrait UIInterfaceOrientationPortraitUpsideDown UIInterfaceOrientationLandscapeLeft UIInterfaceOrientationLandscapeRight";
				INFOPLIST_KEY_UISupportedInterfaceOrientations_iPhone = "UIInterfaceOrientationPortrait UIInterfaceOrientationLandscapeLeft UIInterfaceOrientationLandscapeRight";
				IPHONEOS_DEPLOYMENT_TARGET = 14.0;
				LD_RUNPATH_SEARCH_PATHS = (
					"$(inherited)",
					"@executable_path/Frameworks",
				);
				MARKETING_VERSION = 1.0;
				PRODUCT_BUNDLE_IDENTIFIER = "Adinai-Dzhakupaeva.NeoCafe";
				PRODUCT_NAME = "$(TARGET_NAME)";
				SWIFT_EMIT_LOC_STRINGS = YES;
				SWIFT_VERSION = 5.0;
				TARGETED_DEVICE_FAMILY = "1,2";
			};
			name = Debug;
		};
		F68F3F7E2A2B4716006E5C33 /* Release */ = {
			isa = XCBuildConfiguration;
			buildSettings = {
				ASSETCATALOG_COMPILER_APPICON_NAME = AppIcon;
				ASSETCATALOG_COMPILER_GLOBAL_ACCENT_COLOR_NAME = AccentColor;
				CODE_SIGN_STYLE = Automatic;
				CURRENT_PROJECT_VERSION = 1;
				DEVELOPMENT_TEAM = Y4DU5SWFLS;
				GENERATE_INFOPLIST_FILE = YES;
				INFOPLIST_FILE = NeoCafe/Info.plist;
				INFOPLIST_KEY_UIApplicationSupportsIndirectInputEvents = YES;
				INFOPLIST_KEY_UILaunchStoryboardName = LaunchScreen;
				INFOPLIST_KEY_UISupportedInterfaceOrientations_iPad = "UIInterfaceOrientationPortrait UIInterfaceOrientationPortraitUpsideDown UIInterfaceOrientationLandscapeLeft UIInterfaceOrientationLandscapeRight";
				INFOPLIST_KEY_UISupportedInterfaceOrientations_iPhone = "UIInterfaceOrientationPortrait UIInterfaceOrientationLandscapeLeft UIInterfaceOrientationLandscapeRight";
				IPHONEOS_DEPLOYMENT_TARGET = 14.0;
				LD_RUNPATH_SEARCH_PATHS = (
					"$(inherited)",
					"@executable_path/Frameworks",
				);
				MARKETING_VERSION = 1.0;
				PRODUCT_BUNDLE_IDENTIFIER = "Adinai-Dzhakupaeva.NeoCafe";
				PRODUCT_NAME = "$(TARGET_NAME)";
				SWIFT_EMIT_LOC_STRINGS = YES;
				SWIFT_VERSION = 5.0;
				TARGETED_DEVICE_FAMILY = "1,2";
			};
			name = Release;
		};
/* End XCBuildConfiguration section */

/* Begin XCConfigurationList section */
		F68F3F632A2B4715006E5C33 /* Build configuration list for PBXProject "NeoCafe" */ = {
			isa = XCConfigurationList;
			buildConfigurations = (
				F68F3F7A2A2B4716006E5C33 /* Debug */,
				F68F3F7B2A2B4716006E5C33 /* Release */,
			);
			defaultConfigurationIsVisible = 0;
			defaultConfigurationName = Release;
		};
		F68F3F7C2A2B4716006E5C33 /* Build configuration list for PBXNativeTarget "NeoCafe" */ = {
			isa = XCConfigurationList;
			buildConfigurations = (
				F68F3F7D2A2B4716006E5C33 /* Debug */,
				F68F3F7E2A2B4716006E5C33 /* Release */,
			);
			defaultConfigurationIsVisible = 0;
			defaultConfigurationName = Release;
		};
/* End XCConfigurationList section */

/* Begin XCRemoteSwiftPackageReference section */
		F61E9D302A6AE23A009CE510 /* XCRemoteSwiftPackageReference "Kingfisher" */ = {
			isa = XCRemoteSwiftPackageReference;
			repositoryURL = "https://github.com/onevcat/Kingfisher.git";
			requirement = {
				kind = upToNextMajorVersion;
				minimumVersion = 7.0.0;
			};
		};
		F62A113A2A78108A009860FC /* XCRemoteSwiftPackageReference "Moya" */ = {
			isa = XCRemoteSwiftPackageReference;
			repositoryURL = "https://github.com/Moya/Moya";
			requirement = {
				kind = upToNextMajorVersion;
				minimumVersion = 15.0.0;
			};
		};
		F62A116E2A781E10009860FC /* XCRemoteSwiftPackageReference "SwiftBoost" */ = {
			isa = XCRemoteSwiftPackageReference;
			repositoryURL = "https://github.com/sparrowcode/SwiftBoost";
			requirement = {
				kind = upToNextMajorVersion;
				minimumVersion = 4.0.0;
			};
		};
		F64A023A2A3335F600D03959 /* XCRemoteSwiftPackageReference "IQKeyboardManager" */ = {
			isa = XCRemoteSwiftPackageReference;
			repositoryURL = "https://github.com/hackiftekhar/IQKeyboardManager.git";
			requirement = {
				kind = upToNextMajorVersion;
				minimumVersion = 6.0.0;
			};
		};
		F653C4BD2A6501DD009CEC76 /* XCRemoteSwiftPackageReference "Alamofire" */ = {
			isa = XCRemoteSwiftPackageReference;
			repositoryURL = "https://github.com/Alamofire/Alamofire.git";
			requirement = {
				kind = upToNextMajorVersion;
				minimumVersion = 5.0.0;
			};
		};
		F68F3F862A2B4F28006E5C33 /* XCRemoteSwiftPackageReference "SnapKit" */ = {
			isa = XCRemoteSwiftPackageReference;
			repositoryURL = "https://github.com/SnapKit/SnapKit.git";
			requirement = {
				kind = upToNextMajorVersion;
				minimumVersion = 5.0.0;
			};
		};
		F6A21D212A3880DA00DBDB66 /* XCRemoteSwiftPackageReference "FittedSheets" */ = {
			isa = XCRemoteSwiftPackageReference;
			repositoryURL = "https://github.com/gordontucker/FittedSheets.git";
			requirement = {
				kind = upToNextMajorVersion;
				minimumVersion = 2.0.0;
			};
		};
		F6B0EC572A6EEC6E006F1564 /* XCRemoteSwiftPackageReference "SwiftDate" */ = {
			isa = XCRemoteSwiftPackageReference;
			repositoryURL = "https://github.com/malcommac/SwiftDate";
			requirement = {
				kind = upToNextMinorVersion;
				minimumVersion = 7.0.0;
			};
		};
/* End XCRemoteSwiftPackageReference section */

/* Begin XCSwiftPackageProductDependency section */
		F61E9D312A6AE23A009CE510 /* Kingfisher */ = {
			isa = XCSwiftPackageProductDependency;
			package = F61E9D302A6AE23A009CE510 /* XCRemoteSwiftPackageReference "Kingfisher" */;
			productName = Kingfisher;
		};
		F62A113B2A78108A009860FC /* Moya */ = {
			isa = XCSwiftPackageProductDependency;
			package = F62A113A2A78108A009860FC /* XCRemoteSwiftPackageReference "Moya" */;
			productName = Moya;
		};
		F62A113D2A78108A009860FC /* ReactiveMoya */ = {
			isa = XCSwiftPackageProductDependency;
			package = F62A113A2A78108A009860FC /* XCRemoteSwiftPackageReference "Moya" */;
			productName = ReactiveMoya;
		};
		F62A113F2A78108A009860FC /* RxMoya */ = {
			isa = XCSwiftPackageProductDependency;
			package = F62A113A2A78108A009860FC /* XCRemoteSwiftPackageReference "Moya" */;
			productName = RxMoya;
		};
		F62A116F2A781E10009860FC /* SwiftBoost */ = {
			isa = XCSwiftPackageProductDependency;
			package = F62A116E2A781E10009860FC /* XCRemoteSwiftPackageReference "SwiftBoost" */;
			productName = SwiftBoost;
		};
		F64A023B2A3335F600D03959 /* IQKeyboardManagerSwift */ = {
			isa = XCSwiftPackageProductDependency;
			package = F64A023A2A3335F600D03959 /* XCRemoteSwiftPackageReference "IQKeyboardManager" */;
			productName = IQKeyboardManagerSwift;
		};
		F653C4BE2A6501DD009CEC76 /* Alamofire */ = {
			isa = XCSwiftPackageProductDependency;
			package = F653C4BD2A6501DD009CEC76 /* XCRemoteSwiftPackageReference "Alamofire" */;
			productName = Alamofire;
		};
		F68F3F872A2B4F28006E5C33 /* SnapKit */ = {
			isa = XCSwiftPackageProductDependency;
			package = F68F3F862A2B4F28006E5C33 /* XCRemoteSwiftPackageReference "SnapKit" */;
			productName = SnapKit;
		};
		F6A21D222A3880DA00DBDB66 /* FittedSheets */ = {
			isa = XCSwiftPackageProductDependency;
			package = F6A21D212A3880DA00DBDB66 /* XCRemoteSwiftPackageReference "FittedSheets" */;
			productName = FittedSheets;
		};
		F6B0EC582A6EEC6E006F1564 /* SwiftDate */ = {
			isa = XCSwiftPackageProductDependency;
			package = F6B0EC572A6EEC6E006F1564 /* XCRemoteSwiftPackageReference "SwiftDate" */;
			productName = SwiftDate;
		};
/* End XCSwiftPackageProductDependency section */
	};
	rootObject = F68F3F602A2B4715006E5C33 /* Project object */;
}
