{
  "pins" : [
    {
      "identity" : "bulletinboard",
      "kind" : "remoteSourceControl",
      "location" : "https://github.com/alexaubry/BulletinBoard.git",
      "state" : {
        "revision" : "e8ba81d25e41e5d24d6a4f404ed28443d728723b",
        "version" : "5.0.0"
      }
    },
    {
      "identity" : "fittedsheets",
      "kind" : "remoteSourceControl",
      "location" : "https://github.com/gordontucker/FittedSheets.git",
      "state" : {
        "revision" : "3dcebb20ff42f644e9474a198acb886d4bd51793",
        "version" : "2.5.3"
      }
    },
    {
      "identity" : "iqkeyboardmanager",
      "kind" : "remoteSourceControl",
      "location" : "https://github.com/hackiftekhar/IQKeyboardManager.git",
      "state" : {
        "revision" : "0ea3febb36cfcec2afb5841fd8809a9c0fa545b3",
        "version" : "6.5.11"
      }
    },
    {
      "identity" : "snapkit",
      "kind" : "remoteSourceControl",
      "location" : "https://github.com/SnapKit/SnapKit.git",
      "state" : {
        "revision" : "f222cbdf325885926566172f6f5f06af95473158",
        "version" : "5.6.0"
      }
    }
  ],
  "version" : 2
}
